// !$*UTF8*$!
{
	archiveVersion = 1;
	classes = {
	};
	objectVersion = 50;
	objects = {

/* Begin PBXBuildFile section */
		450B0D5B236FADD200B0A735 /* ding.wav in Resources */ = {isa = PBXBuildFile; fileRef = 450B0D5A236FADD200B0A735 /* ding.wav */; };
		4514EA59236BC71800ECF462 /* FoodInfoViewController.m in Sources */ = {isa = PBXBuildFile; fileRef = 4514EA58236BC71800ECF462 /* FoodInfoViewController.m */; };
		4514EA5D236C139100ECF462 /* Fosa_Queue.m in Sources */ = {isa = PBXBuildFile; fileRef = 4514EA5C236C139100ECF462 /* Fosa_Queue.m */; };
		4519AA29235D35440096928E /* libsqlite3.tbd in Frameworks */ = {isa = PBXBuildFile; fileRef = 4519AA28235D35440096928E /* libsqlite3.tbd */; };
		452242CA2358148700F01778 /* AddViewController.m in Sources */ = {isa = PBXBuildFile; fileRef = 452242C92358148700F01778 /* AddViewController.m */; };
		452D4B64235FE142006C6707 /* CircleAlertView.m in Sources */ = {isa = PBXBuildFile; fileRef = 452D4B63235FE142006C6707 /* CircleAlertView.m */; };
		457BCBC92367D71B00F85FC3 /* Assets.xcassets in Resources */ = {isa = PBXBuildFile; fileRef = 457BCBC82367D71B00F85FC3 /* Assets.xcassets */; };
		459C411123569AA900438169 /* AppDelegate.m in Sources */ = {isa = PBXBuildFile; fileRef = 459C411023569AA900438169 /* AppDelegate.m */; };
		459C411423569AA900438169 /* SceneDelegate.m in Sources */ = {isa = PBXBuildFile; fileRef = 459C411323569AA900438169 /* SceneDelegate.m */; };
		459C411F23569AAA00438169 /* LaunchScreen.storyboard in Resources */ = {isa = PBXBuildFile; fileRef = 459C411D23569AAA00438169 /* LaunchScreen.storyboard */; };
		459C412223569AAA00438169 /* main.m in Sources */ = {isa = PBXBuildFile; fileRef = 459C412123569AAA00438169 /* main.m */; };
		459C412C23569AAB00438169 /* fosa1_0Tests.m in Sources */ = {isa = PBXBuildFile; fileRef = 459C412B23569AAB00438169 /* fosa1_0Tests.m */; };
		459C413723569AAB00438169 /* fosa1_0UITests.m in Sources */ = {isa = PBXBuildFile; fileRef = 459C413623569AAB00438169 /* fosa1_0UITests.m */; };
		459C41462356A49100438169 /* RootTabBarViewController.m in Sources */ = {isa = PBXBuildFile; fileRef = 459C41452356A49100438169 /* RootTabBarViewController.m */; };
		459C41492356A55500438169 /* FosaViewController.m in Sources */ = {isa = PBXBuildFile; fileRef = 459C41482356A55500438169 /* FosaViewController.m */; };
		459C414C2356A57300438169 /* UserViewController.m in Sources */ = {isa = PBXBuildFile; fileRef = 459C414B2356A57300438169 /* UserViewController.m */; };
		459C414F2356A5A600438169 /* BltPoundViewController.m in Sources */ = {isa = PBXBuildFile; fileRef = 459C414E2356A5A600438169 /* BltPoundViewController.m */; };
		459C41552356A70E00438169 /* ProductViewController.m in Sources */ = {isa = PBXBuildFile; fileRef = 459C41542356A70E00438169 /* ProductViewController.m */; };
		459C41592356B9CF00438169 /* FosaAlertView.m in Sources */ = {isa = PBXBuildFile; fileRef = 459C41582356B9CF00438169 /* FosaAlertView.m */; };
		459C415C2356B9F600438169 /* AlertModel.m in Sources */ = {isa = PBXBuildFile; fileRef = 459C415B2356B9F600438169 /* AlertModel.m */; };
		459C41602356BB8500438169 /* ScanViewController.m in Sources */ = {isa = PBXBuildFile; fileRef = 459C415F2356BB8500438169 /* ScanViewController.m */; };
		459C41622356E41800438169 /* saoyisao-3@3x.png in Resources */ = {isa = PBXBuildFile; fileRef = 459C41612356E41800438169 /* saoyisao-3@3x.png */; };
		459C41642356E42B00438169 /* saoyisao@3x.png in Resources */ = {isa = PBXBuildFile; fileRef = 459C41632356E42B00438169 /* saoyisao@3x.png */; };
		459C41662356E44800438169 /* shanguangdeng-an.png in Resources */ = {isa = PBXBuildFile; fileRef = 459C41652356E44800438169 /* shanguangdeng-an.png */; };
		459C41682356E45A00438169 /* shanguangdeng-liang.png in Resources */ = {isa = PBXBuildFile; fileRef = 459C41672356E45900438169 /* shanguangdeng-liang.png */; };
		459C416C2357044B00438169 /* PhotoViewController.m in Sources */ = {isa = PBXBuildFile; fileRef = 459C416B2357044B00438169 /* PhotoViewController.m */; };
		45A4DD9523669BBB005018F1 /* LoginViewController.m in Sources */ = {isa = PBXBuildFile; fileRef = 45A4DD9423669BBB005018F1 /* LoginViewController.m */; };
		45A4DD9823669BE8005018F1 /* RegisterViewController.m in Sources */ = {isa = PBXBuildFile; fileRef = 45A4DD9723669BE8005018F1 /* RegisterViewController.m */; };
		45A4DD9A23669D4F005018F1 /* 启动图2.png in Resources */ = {isa = PBXBuildFile; fileRef = 45A4DD9923669D4F005018F1 /* 启动图2.png */; };
		45A95A43236919DD0016F442 /* ResultViewController.m in Sources */ = {isa = PBXBuildFile; fileRef = 45A95A42236919DD0016F442 /* ResultViewController.m */; };
		45A95A462369824C0016F442 /* FoodView.m in Sources */ = {isa = PBXBuildFile; fileRef = 45A95A452369824C0016F442 /* FoodView.m */; };
		45A95A49236982A80016F442 /* FoodModel.m in Sources */ = {isa = PBXBuildFile; fileRef = 45A95A48236982A80016F442 /* FoodModel.m */; };
		45ADA0DE236A89FE00879856 /* FosaMenu.m in Sources */ = {isa = PBXBuildFile; fileRef = 45ADA0DD236A89FE00879856 /* FosaMenu.m */; };
		45ADA0E1236A8A2A00879856 /* MenuModel.m in Sources */ = {isa = PBXBuildFile; fileRef = 45ADA0E0236A8A2A00879856 /* MenuModel.m */; };
/* End PBXBuildFile section */

/* Begin PBXContainerItemProxy section */
		459C412823569AAB00438169 /* PBXContainerItemProxy */ = {
			isa = PBXContainerItemProxy;
			containerPortal = 459C410423569AA900438169 /* Project object */;
			proxyType = 1;
			remoteGlobalIDString = 459C410B23569AA900438169;
			remoteInfo = fosa1.0;
		};
		459C413323569AAB00438169 /* PBXContainerItemProxy */ = {
			isa = PBXContainerItemProxy;
			containerPortal = 459C410423569AA900438169 /* Project object */;
			proxyType = 1;
			remoteGlobalIDString = 459C410B23569AA900438169;
			remoteInfo = fosa1.0;
		};
/* End PBXContainerItemProxy section */

/* Begin PBXFileReference section */
		450B0D5A236FADD200B0A735 /* ding.wav */ = {isa = PBXFileReference; lastKnownFileType = audio.wav; path = ding.wav; sourceTree = "<group>"; };
		4514EA57236BC71800ECF462 /* FoodInfoViewController.h */ = {isa = PBXFileReference; lastKnownFileType = sourcecode.c.h; path = FoodInfoViewController.h; sourceTree = "<group>"; };
		4514EA58236BC71800ECF462 /* FoodInfoViewController.m */ = {isa = PBXFileReference; lastKnownFileType = sourcecode.c.objc; path = FoodInfoViewController.m; sourceTree = "<group>"; };
		4514EA5B236C139100ECF462 /* Fosa_Queue.h */ = {isa = PBXFileReference; lastKnownFileType = sourcecode.c.h; path = Fosa_Queue.h; sourceTree = "<group>"; };
		4514EA5C236C139100ECF462 /* Fosa_Queue.m */ = {isa = PBXFileReference; lastKnownFileType = sourcecode.c.objc; path = Fosa_Queue.m; sourceTree = "<group>"; };
		4519AA28235D35440096928E /* libsqlite3.tbd */ = {isa = PBXFileReference; lastKnownFileType = "sourcecode.text-based-dylib-definition"; name = libsqlite3.tbd; path = usr/lib/libsqlite3.tbd; sourceTree = SDKROOT; };
		452242C82358148700F01778 /* AddViewController.h */ = {isa = PBXFileReference; lastKnownFileType = sourcecode.c.h; path = AddViewController.h; sourceTree = "<group>"; };
		452242C92358148700F01778 /* AddViewController.m */ = {isa = PBXFileReference; lastKnownFileType = sourcecode.c.objc; path = AddViewController.m; sourceTree = "<group>"; };
		452D4B62235FE142006C6707 /* CircleAlertView.h */ = {isa = PBXFileReference; lastKnownFileType = sourcecode.c.h; path = CircleAlertView.h; sourceTree = "<group>"; };
		452D4B63235FE142006C6707 /* CircleAlertView.m */ = {isa = PBXFileReference; lastKnownFileType = sourcecode.c.objc; path = CircleAlertView.m; sourceTree = "<group>"; };
		457BCBC82367D71B00F85FC3 /* Assets.xcassets */ = {isa = PBXFileReference; lastKnownFileType = folder.assetcatalog; path = Assets.xcassets; sourceTree = "<group>"; };
		457BCBCA23681D8900F85FC3 /* PassValueDelegate.h */ = {isa = PBXFileReference; lastKnownFileType = sourcecode.c.h; path = PassValueDelegate.h; sourceTree = "<group>"; };
		459C410C23569AA900438169 /* fosa1.0.app */ = {isa = PBXFileReference; explicitFileType = wrapper.application; includeInIndex = 0; path = fosa1.0.app; sourceTree = BUILT_PRODUCTS_DIR; };
		459C410F23569AA900438169 /* AppDelegate.h */ = {isa = PBXFileReference; lastKnownFileType = sourcecode.c.h; path = AppDelegate.h; sourceTree = "<group>"; };
		459C411023569AA900438169 /* AppDelegate.m */ = {isa = PBXFileReference; lastKnownFileType = sourcecode.c.objc; path = AppDelegate.m; sourceTree = "<group>"; };
		459C411223569AA900438169 /* SceneDelegate.h */ = {isa = PBXFileReference; lastKnownFileType = sourcecode.c.h; path = SceneDelegate.h; sourceTree = "<group>"; };
		459C411323569AA900438169 /* SceneDelegate.m */ = {isa = PBXFileReference; lastKnownFileType = sourcecode.c.objc; path = SceneDelegate.m; sourceTree = "<group>"; };
		459C411E23569AAA00438169 /* Base */ = {isa = PBXFileReference; lastKnownFileType = file.storyboard; name = Base; path = Base.lproj/LaunchScreen.storyboard; sourceTree = "<group>"; };
		459C412023569AAA00438169 /* Info.plist */ = {isa = PBXFileReference; lastKnownFileType = text.plist.xml; path = Info.plist; sourceTree = "<group>"; };
		459C412123569AAA00438169 /* main.m */ = {isa = PBXFileReference; lastKnownFileType = sourcecode.c.objc; path = main.m; sourceTree = "<group>"; };
		459C412723569AAB00438169 /* fosa1.0Tests.xctest */ = {isa = PBXFileReference; explicitFileType = wrapper.cfbundle; includeInIndex = 0; path = fosa1.0Tests.xctest; sourceTree = BUILT_PRODUCTS_DIR; };
		459C412B23569AAB00438169 /* fosa1_0Tests.m */ = {isa = PBXFileReference; lastKnownFileType = sourcecode.c.objc; path = fosa1_0Tests.m; sourceTree = "<group>"; };
		459C412D23569AAB00438169 /* Info.plist */ = {isa = PBXFileReference; lastKnownFileType = text.plist.xml; path = Info.plist; sourceTree = "<group>"; };
		459C413223569AAB00438169 /* fosa1.0UITests.xctest */ = {isa = PBXFileReference; explicitFileType = wrapper.cfbundle; includeInIndex = 0; path = fosa1.0UITests.xctest; sourceTree = BUILT_PRODUCTS_DIR; };
		459C413623569AAB00438169 /* fosa1_0UITests.m */ = {isa = PBXFileReference; lastKnownFileType = sourcecode.c.objc; path = fosa1_0UITests.m; sourceTree = "<group>"; };
		459C413823569AAB00438169 /* Info.plist */ = {isa = PBXFileReference; lastKnownFileType = text.plist.xml; path = Info.plist; sourceTree = "<group>"; };
		459C41442356A49100438169 /* RootTabBarViewController.h */ = {isa = PBXFileReference; lastKnownFileType = sourcecode.c.h; path = RootTabBarViewController.h; sourceTree = "<group>"; };
		459C41452356A49100438169 /* RootTabBarViewController.m */ = {isa = PBXFileReference; lastKnownFileType = sourcecode.c.objc; path = RootTabBarViewController.m; sourceTree = "<group>"; };
		459C41472356A55500438169 /* FosaViewController.h */ = {isa = PBXFileReference; lastKnownFileType = sourcecode.c.h; path = FosaViewController.h; sourceTree = "<group>"; };
		459C41482356A55500438169 /* FosaViewController.m */ = {isa = PBXFileReference; lastKnownFileType = sourcecode.c.objc; path = FosaViewController.m; sourceTree = "<group>"; };
		459C414A2356A57300438169 /* UserViewController.h */ = {isa = PBXFileReference; lastKnownFileType = sourcecode.c.h; path = UserViewController.h; sourceTree = "<group>"; };
		459C414B2356A57300438169 /* UserViewController.m */ = {isa = PBXFileReference; lastKnownFileType = sourcecode.c.objc; path = UserViewController.m; sourceTree = "<group>"; };
		459C414D2356A5A600438169 /* BltPoundViewController.h */ = {isa = PBXFileReference; lastKnownFileType = sourcecode.c.h; path = BltPoundViewController.h; sourceTree = "<group>"; };
		459C414E2356A5A600438169 /* BltPoundViewController.m */ = {isa = PBXFileReference; lastKnownFileType = sourcecode.c.objc; path = BltPoundViewController.m; sourceTree = "<group>"; };
		459C41532356A70E00438169 /* ProductViewController.h */ = {isa = PBXFileReference; lastKnownFileType = sourcecode.c.h; path = ProductViewController.h; sourceTree = "<group>"; };
		459C41542356A70E00438169 /* ProductViewController.m */ = {isa = PBXFileReference; lastKnownFileType = sourcecode.c.objc; path = ProductViewController.m; sourceTree = "<group>"; };
		459C41572356B9CF00438169 /* FosaAlertView.h */ = {isa = PBXFileReference; lastKnownFileType = sourcecode.c.h; path = FosaAlertView.h; sourceTree = "<group>"; };
		459C41582356B9CF00438169 /* FosaAlertView.m */ = {isa = PBXFileReference; lastKnownFileType = sourcecode.c.objc; path = FosaAlertView.m; sourceTree = "<group>"; };
		459C415A2356B9F600438169 /* AlertModel.h */ = {isa = PBXFileReference; lastKnownFileType = sourcecode.c.h; path = AlertModel.h; sourceTree = "<group>"; };
		459C415B2356B9F600438169 /* AlertModel.m */ = {isa = PBXFileReference; lastKnownFileType = sourcecode.c.objc; path = AlertModel.m; sourceTree = "<group>"; };
		459C415E2356BB8500438169 /* ScanViewController.h */ = {isa = PBXFileReference; lastKnownFileType = sourcecode.c.h; path = ScanViewController.h; sourceTree = "<group>"; };
		459C415F2356BB8500438169 /* ScanViewController.m */ = {isa = PBXFileReference; lastKnownFileType = sourcecode.c.objc; path = ScanViewController.m; sourceTree = "<group>"; };
		459C41612356E41800438169 /* saoyisao-3@3x.png */ = {isa = PBXFileReference; lastKnownFileType = image.png; path = "saoyisao-3@3x.png"; sourceTree = "<group>"; };
		459C41632356E42B00438169 /* saoyisao@3x.png */ = {isa = PBXFileReference; lastKnownFileType = image.png; path = "saoyisao@3x.png"; sourceTree = "<group>"; };
		459C41652356E44800438169 /* shanguangdeng-an.png */ = {isa = PBXFileReference; lastKnownFileType = image.png; path = "shanguangdeng-an.png"; sourceTree = "<group>"; };
		459C41672356E45900438169 /* shanguangdeng-liang.png */ = {isa = PBXFileReference; lastKnownFileType = image.png; path = "shanguangdeng-liang.png"; sourceTree = "<group>"; };
		459C416A2357044B00438169 /* PhotoViewController.h */ = {isa = PBXFileReference; lastKnownFileType = sourcecode.c.h; path = PhotoViewController.h; sourceTree = "<group>"; };
		459C416B2357044B00438169 /* PhotoViewController.m */ = {isa = PBXFileReference; lastKnownFileType = sourcecode.c.objc; path = PhotoViewController.m; sourceTree = "<group>"; };
		45A4DD9323669BBB005018F1 /* LoginViewController.h */ = {isa = PBXFileReference; lastKnownFileType = sourcecode.c.h; path = LoginViewController.h; sourceTree = "<group>"; };
		45A4DD9423669BBB005018F1 /* LoginViewController.m */ = {isa = PBXFileReference; lastKnownFileType = sourcecode.c.objc; path = LoginViewController.m; sourceTree = "<group>"; };
		45A4DD9623669BE8005018F1 /* RegisterViewController.h */ = {isa = PBXFileReference; lastKnownFileType = sourcecode.c.h; path = RegisterViewController.h; sourceTree = "<group>"; };
		45A4DD9723669BE8005018F1 /* RegisterViewController.m */ = {isa = PBXFileReference; lastKnownFileType = sourcecode.c.objc; path = RegisterViewController.m; sourceTree = "<group>"; };
		45A4DD9923669D4F005018F1 /* 启动图2.png */ = {isa = PBXFileReference; lastKnownFileType = image.png; path = "启动图2.png"; sourceTree = "<group>"; };
		45A95A41236919DD0016F442 /* ResultViewController.h */ = {isa = PBXFileReference; lastKnownFileType = sourcecode.c.h; path = ResultViewController.h; sourceTree = "<group>"; };
		45A95A42236919DD0016F442 /* ResultViewController.m */ = {isa = PBXFileReference; lastKnownFileType = sourcecode.c.objc; path = ResultViewController.m; sourceTree = "<group>"; };
		45A95A442369824C0016F442 /* FoodView.h */ = {isa = PBXFileReference; lastKnownFileType = sourcecode.c.h; path = FoodView.h; sourceTree = "<group>"; };
		45A95A452369824C0016F442 /* FoodView.m */ = {isa = PBXFileReference; lastKnownFileType = sourcecode.c.objc; path = FoodView.m; sourceTree = "<group>"; };
		45A95A47236982A80016F442 /* FoodModel.h */ = {isa = PBXFileReference; lastKnownFileType = sourcecode.c.h; path = FoodModel.h; sourceTree = "<group>"; };
		45A95A48236982A80016F442 /* FoodModel.m */ = {isa = PBXFileReference; lastKnownFileType = sourcecode.c.objc; path = FoodModel.m; sourceTree = "<group>"; };
		45ADA0DC236A89FE00879856 /* FosaMenu.h */ = {isa = PBXFileReference; lastKnownFileType = sourcecode.c.h; path = FosaMenu.h; sourceTree = "<group>"; };
		45ADA0DD236A89FE00879856 /* FosaMenu.m */ = {isa = PBXFileReference; lastKnownFileType = sourcecode.c.objc; path = FosaMenu.m; sourceTree = "<group>"; };
		45ADA0DF236A8A2A00879856 /* MenuModel.h */ = {isa = PBXFileReference; lastKnownFileType = sourcecode.c.h; path = MenuModel.h; sourceTree = "<group>"; };
		45ADA0E0236A8A2A00879856 /* MenuModel.m */ = {isa = PBXFileReference; lastKnownFileType = sourcecode.c.objc; path = MenuModel.m; sourceTree = "<group>"; };
/* End PBXFileReference section */

/* Begin PBXFrameworksBuildPhase section */
		459C410923569AA900438169 /* Frameworks */ = {
			isa = PBXFrameworksBuildPhase;
			buildActionMask = 2147483647;
			files = (
				4519AA29235D35440096928E /* libsqlite3.tbd in Frameworks */,
			);
			runOnlyForDeploymentPostprocessing = 0;
		};
		459C412423569AAB00438169 /* Frameworks */ = {
			isa = PBXFrameworksBuildPhase;
			buildActionMask = 2147483647;
			files = (
			);
			runOnlyForDeploymentPostprocessing = 0;
		};
		459C412F23569AAB00438169 /* Frameworks */ = {
			isa = PBXFrameworksBuildPhase;
			buildActionMask = 2147483647;
			files = (
			);
			runOnlyForDeploymentPostprocessing = 0;
		};
/* End PBXFrameworksBuildPhase section */

/* Begin PBXGroup section */
		4514EA56236BC6EA00ECF462 /* FoodInfo */ = {
			isa = PBXGroup;
			children = (
				4514EA57236BC71800ECF462 /* FoodInfoViewController.h */,
				4514EA58236BC71800ECF462 /* FoodInfoViewController.m */,
			);
			path = FoodInfo;
			sourceTree = "<group>";
		};
		4514EA5A236C133500ECF462 /* DataStruct */ = {
			isa = PBXGroup;
			children = (
				4514EA5B236C139100ECF462 /* Fosa_Queue.h */,
				4514EA5C236C139100ECF462 /* Fosa_Queue.m */,
			);
			path = DataStruct;
			sourceTree = "<group>";
		};
		4519AA27235D35440096928E /* Frameworks */ = {
			isa = PBXGroup;
			children = (
				4519AA28235D35440096928E /* libsqlite3.tbd */,
			);
			name = Frameworks;
			sourceTree = "<group>";
		};
		452242C72358146500F01778 /* AddFunction */ = {
			isa = PBXGroup;
			children = (
				452242C82358148700F01778 /* AddViewController.h */,
				452242C92358148700F01778 /* AddViewController.m */,
			);
			path = AddFunction;
			sourceTree = "<group>";
		};
		452D4B65236020DB006C6707 /* LoginFunction */ = {
			isa = PBXGroup;
			children = (
				45A4DD9323669BBB005018F1 /* LoginViewController.h */,
				45A4DD9423669BBB005018F1 /* LoginViewController.m */,
				45A4DD9623669BE8005018F1 /* RegisterViewController.h */,
				45A4DD9723669BE8005018F1 /* RegisterViewController.m */,
				457BCBCA23681D8900F85FC3 /* PassValueDelegate.h */,
			);
			path = LoginFunction;
			sourceTree = "<group>";
		};
		4534D6082362DB16008F131B /* resource */ = {
			isa = PBXGroup;
			children = (
			);
			path = resource;
			sourceTree = "<group>";
		};
		459C410323569AA900438169 = {
			isa = PBXGroup;
			children = (
				459C410E23569AA900438169 /* fosa1.0 */,
				459C412A23569AAB00438169 /* fosa1.0Tests */,
				459C413523569AAB00438169 /* fosa1.0UITests */,
				459C410D23569AA900438169 /* Products */,
				4519AA27235D35440096928E /* Frameworks */,
			);
			sourceTree = "<group>";
		};
		459C410D23569AA900438169 /* Products */ = {
			isa = PBXGroup;
			children = (
				459C410C23569AA900438169 /* fosa1.0.app */,
				459C412723569AAB00438169 /* fosa1.0Tests.xctest */,
				459C413223569AAB00438169 /* fosa1.0UITests.xctest */,
			);
			name = Products;
			sourceTree = "<group>";
		};
		459C410E23569AA900438169 /* fosa1.0 */ = {
			isa = PBXGroup;
			children = (
				4514EA5A236C133500ECF462 /* DataStruct */,
				4514EA56236BC6EA00ECF462 /* FoodInfo */,
				4534D6082362DB16008F131B /* resource */,
				452D4B65236020DB006C6707 /* LoginFunction */,
				452242C72358146500F01778 /* AddFunction */,
				459C41562356B98400438169 /* FosaUIView */,
				459C4169235703FF00438169 /* PhotoFunction */,
				459C415D2356BB3E00438169 /* ScanFunction */,
				459C410F23569AA900438169 /* AppDelegate.h */,
				459C411023569AA900438169 /* AppDelegate.m */,
				459C411223569AA900438169 /* SceneDelegate.h */,
				459C411323569AA900438169 /* SceneDelegate.m */,
				459C411D23569AAA00438169 /* LaunchScreen.storyboard */,
				457BCBC82367D71B00F85FC3 /* Assets.xcassets */,
				45A4DD9923669D4F005018F1 /* 启动图2.png */,
				459C412023569AAA00438169 /* Info.plist */,
				459C412123569AAA00438169 /* main.m */,
				459C41442356A49100438169 /* RootTabBarViewController.h */,
				459C41452356A49100438169 /* RootTabBarViewController.m */,
				459C41472356A55500438169 /* FosaViewController.h */,
				459C41482356A55500438169 /* FosaViewController.m */,
				459C414A2356A57300438169 /* UserViewController.h */,
				459C414B2356A57300438169 /* UserViewController.m */,
				459C414D2356A5A600438169 /* BltPoundViewController.h */,
				459C414E2356A5A600438169 /* BltPoundViewController.m */,
				459C41532356A70E00438169 /* ProductViewController.h */,
				459C41542356A70E00438169 /* ProductViewController.m */,
			);
			path = fosa1.0;
			sourceTree = "<group>";
		};
		459C412A23569AAB00438169 /* fosa1.0Tests */ = {
			isa = PBXGroup;
			children = (
				459C412B23569AAB00438169 /* fosa1_0Tests.m */,
				459C412D23569AAB00438169 /* Info.plist */,
			);
			path = fosa1.0Tests;
			sourceTree = "<group>";
		};
		459C413523569AAB00438169 /* fosa1.0UITests */ = {
			isa = PBXGroup;
			children = (
				459C413623569AAB00438169 /* fosa1_0UITests.m */,
				459C413823569AAB00438169 /* Info.plist */,
			);
			path = fosa1.0UITests;
			sourceTree = "<group>";
		};
		459C41562356B98400438169 /* FosaUIView */ = {
			isa = PBXGroup;
			children = (
				459C41572356B9CF00438169 /* FosaAlertView.h */,
				459C41582356B9CF00438169 /* FosaAlertView.m */,
				459C415A2356B9F600438169 /* AlertModel.h */,
				459C415B2356B9F600438169 /* AlertModel.m */,
				452D4B62235FE142006C6707 /* CircleAlertView.h */,
				452D4B63235FE142006C6707 /* CircleAlertView.m */,
				45A95A442369824C0016F442 /* FoodView.h */,
				45A95A452369824C0016F442 /* FoodView.m */,
				45A95A47236982A80016F442 /* FoodModel.h */,
				45A95A48236982A80016F442 /* FoodModel.m */,
				45ADA0DC236A89FE00879856 /* FosaMenu.h */,
				45ADA0DD236A89FE00879856 /* FosaMenu.m */,
				45ADA0DF236A8A2A00879856 /* MenuModel.h */,
				45ADA0E0236A8A2A00879856 /* MenuModel.m */,
			);
			path = FosaUIView;
			sourceTree = "<group>";
		};
		459C415D2356BB3E00438169 /* ScanFunction */ = {
			isa = PBXGroup;
			children = (
				450B0D5A236FADD200B0A735 /* ding.wav */,
				459C41672356E45900438169 /* shanguangdeng-liang.png */,
				459C41652356E44800438169 /* shanguangdeng-an.png */,
				459C41632356E42B00438169 /* saoyisao@3x.png */,
				459C41612356E41800438169 /* saoyisao-3@3x.png */,
				459C415E2356BB8500438169 /* ScanViewController.h */,
				459C415F2356BB8500438169 /* ScanViewController.m */,
				45A95A41236919DD0016F442 /* ResultViewController.h */,
				45A95A42236919DD0016F442 /* ResultViewController.m */,
			);
			path = ScanFunction;
			sourceTree = "<group>";
		};
		459C4169235703FF00438169 /* PhotoFunction */ = {
			isa = PBXGroup;
			children = (
				459C416A2357044B00438169 /* PhotoViewController.h */,
				459C416B2357044B00438169 /* PhotoViewController.m */,
			);
			path = PhotoFunction;
			sourceTree = "<group>";
		};
/* End PBXGroup section */

/* Begin PBXNativeTarget section */
		459C410B23569AA900438169 /* fosa1.0 */ = {
			isa = PBXNativeTarget;
			buildConfigurationList = 459C413B23569AAB00438169 /* Build configuration list for PBXNativeTarget "fosa1.0" */;
			buildPhases = (
				459C410823569AA900438169 /* Sources */,
				459C410923569AA900438169 /* Frameworks */,
				459C410A23569AA900438169 /* Resources */,
			);
			buildRules = (
			);
			dependencies = (
			);
			name = fosa1.0;
			productName = fosa1.0;
			productReference = 459C410C23569AA900438169 /* fosa1.0.app */;
			productType = "com.apple.product-type.application";
		};
		459C412623569AAB00438169 /* fosa1.0Tests */ = {
			isa = PBXNativeTarget;
			buildConfigurationList = 459C413E23569AAB00438169 /* Build configuration list for PBXNativeTarget "fosa1.0Tests" */;
			buildPhases = (
				459C412323569AAB00438169 /* Sources */,
				459C412423569AAB00438169 /* Frameworks */,
				459C412523569AAB00438169 /* Resources */,
			);
			buildRules = (
			);
			dependencies = (
				459C412923569AAB00438169 /* PBXTargetDependency */,
			);
			name = fosa1.0Tests;
			productName = fosa1.0Tests;
			productReference = 459C412723569AAB00438169 /* fosa1.0Tests.xctest */;
			productType = "com.apple.product-type.bundle.unit-test";
		};
		459C413123569AAB00438169 /* fosa1.0UITests */ = {
			isa = PBXNativeTarget;
			buildConfigurationList = 459C414123569AAB00438169 /* Build configuration list for PBXNativeTarget "fosa1.0UITests" */;
			buildPhases = (
				459C412E23569AAB00438169 /* Sources */,
				459C412F23569AAB00438169 /* Frameworks */,
				459C413023569AAB00438169 /* Resources */,
			);
			buildRules = (
			);
			dependencies = (
				459C413423569AAB00438169 /* PBXTargetDependency */,
			);
			name = fosa1.0UITests;
			productName = fosa1.0UITests;
			productReference = 459C413223569AAB00438169 /* fosa1.0UITests.xctest */;
			productType = "com.apple.product-type.bundle.ui-testing";
		};
/* End PBXNativeTarget section */

/* Begin PBXProject section */
		459C410423569AA900438169 /* Project object */ = {
			isa = PBXProject;
			attributes = {
				LastUpgradeCheck = 1110;
				ORGANIZATIONNAME = hs;
				TargetAttributes = {
					459C410B23569AA900438169 = {
						CreatedOnToolsVersion = 11.1;
					};
					459C412623569AAB00438169 = {
						CreatedOnToolsVersion = 11.1;
						TestTargetID = 459C410B23569AA900438169;
					};
					459C413123569AAB00438169 = {
						CreatedOnToolsVersion = 11.1;
						TestTargetID = 459C410B23569AA900438169;
					};
				};
			};
			buildConfigurationList = 459C410723569AA900438169 /* Build configuration list for PBXProject "fosa1.0" */;
			compatibilityVersion = "Xcode 9.3";
			developmentRegion = en;
			hasScannedForEncodings = 0;
			knownRegions = (
				en,
				Base,
			);
			mainGroup = 459C410323569AA900438169;
			productRefGroup = 459C410D23569AA900438169 /* Products */;
			projectDirPath = "";
			projectRoot = "";
			targets = (
				459C410B23569AA900438169 /* fosa1.0 */,
				459C412623569AAB00438169 /* fosa1.0Tests */,
				459C413123569AAB00438169 /* fosa1.0UITests */,
			);
		};
/* End PBXProject section */

/* Begin PBXResourcesBuildPhase section */
		459C410A23569AA900438169 /* Resources */ = {
			isa = PBXResourcesBuildPhase;
			buildActionMask = 2147483647;
			files = (
				459C41682356E45A00438169 /* shanguangdeng-liang.png in Resources */,
				459C411F23569AAA00438169 /* LaunchScreen.storyboard in Resources */,
				459C41642356E42B00438169 /* saoyisao@3x.png in Resources */,
				459C41622356E41800438169 /* saoyisao-3@3x.png in Resources */,
				457BCBC92367D71B00F85FC3 /* Assets.xcassets in Resources */,
				45A4DD9A23669D4F005018F1 /* 启动图2.png in Resources */,
				450B0D5B236FADD200B0A735 /* ding.wav in Resources */,
				459C41662356E44800438169 /* shanguangdeng-an.png in Resources */,
			);
			runOnlyForDeploymentPostprocessing = 0;
		};
		459C412523569AAB00438169 /* Resources */ = {
			isa = PBXResourcesBuildPhase;
			buildActionMask = 2147483647;
			files = (
			);
			runOnlyForDeploymentPostprocessing = 0;
		};
		459C413023569AAB00438169 /* Resources */ = {
			isa = PBXResourcesBuildPhase;
			buildActionMask = 2147483647;
			files = (
			);
			runOnlyForDeploymentPostprocessing = 0;
		};
/* End PBXResourcesBuildPhase section */

/* Begin PBXSourcesBuildPhase section */
		459C410823569AA900438169 /* Sources */ = {
			isa = PBXSourcesBuildPhase;
			buildActionMask = 2147483647;
			files = (
				4514EA59236BC71800ECF462 /* FoodInfoViewController.m in Sources */,
				459C41462356A49100438169 /* RootTabBarViewController.m in Sources */,
				45ADA0E1236A8A2A00879856 /* MenuModel.m in Sources */,
				459C41592356B9CF00438169 /* FosaAlertView.m in Sources */,
				459C411123569AA900438169 /* AppDelegate.m in Sources */,
				459C41552356A70E00438169 /* ProductViewController.m in Sources */,
				459C415C2356B9F600438169 /* AlertModel.m in Sources */,
				459C41602356BB8500438169 /* ScanViewController.m in Sources */,
				45A4DD9523669BBB005018F1 /* LoginViewController.m in Sources */,
				45ADA0DE236A89FE00879856 /* FosaMenu.m in Sources */,
				452D4B64235FE142006C6707 /* CircleAlertView.m in Sources */,
				459C414F2356A5A600438169 /* BltPoundViewController.m in Sources */,
				459C412223569AAA00438169 /* main.m in Sources */,
				45A95A462369824C0016F442 /* FoodView.m in Sources */,
				459C414C2356A57300438169 /* UserViewController.m in Sources */,
				45A4DD9823669BE8005018F1 /* RegisterViewController.m in Sources */,
				459C416C2357044B00438169 /* PhotoViewController.m in Sources */,
				4514EA5D236C139100ECF462 /* Fosa_Queue.m in Sources */,
				452242CA2358148700F01778 /* AddViewController.m in Sources */,
				459C411423569AA900438169 /* SceneDelegate.m in Sources */,
				459C41492356A55500438169 /* FosaViewController.m in Sources */,
				45A95A43236919DD0016F442 /* ResultViewController.m in Sources */,
				45A95A49236982A80016F442 /* FoodModel.m in Sources */,
			);
			runOnlyForDeploymentPostprocessing = 0;
		};
		459C412323569AAB00438169 /* Sources */ = {
			isa = PBXSourcesBuildPhase;
			buildActionMask = 2147483647;
			files = (
				459C412C23569AAB00438169 /* fosa1_0Tests.m in Sources */,
			);
			runOnlyForDeploymentPostprocessing = 0;
		};
		459C412E23569AAB00438169 /* Sources */ = {
			isa = PBXSourcesBuildPhase;
			buildActionMask = 2147483647;
			files = (
				459C413723569AAB00438169 /* fosa1_0UITests.m in Sources */,
			);
			runOnlyForDeploymentPostprocessing = 0;
		};
/* End PBXSourcesBuildPhase section */

/* Begin PBXTargetDependency section */
		459C412923569AAB00438169 /* PBXTargetDependency */ = {
			isa = PBXTargetDependency;
			target = 459C410B23569AA900438169 /* fosa1.0 */;
			targetProxy = 459C412823569AAB00438169 /* PBXContainerItemProxy */;
		};
		459C413423569AAB00438169 /* PBXTargetDependency */ = {
			isa = PBXTargetDependency;
			target = 459C410B23569AA900438169 /* fosa1.0 */;
			targetProxy = 459C413323569AAB00438169 /* PBXContainerItemProxy */;
		};
/* End PBXTargetDependency section */

/* Begin PBXVariantGroup section */
		459C411D23569AAA00438169 /* LaunchScreen.storyboard */ = {
			isa = PBXVariantGroup;
			children = (
				459C411E23569AAA00438169 /* Base */,
			);
			name = LaunchScreen.storyboard;
			sourceTree = "<group>";
		};
/* End PBXVariantGroup section */

/* Begin XCBuildConfiguration section */
		459C413923569AAB00438169 /* Debug */ = {
			isa = XCBuildConfiguration;
			buildSettings = {
				ALWAYS_SEARCH_USER_PATHS = NO;
				CLANG_ANALYZER_NONNULL = YES;
				CLANG_ANALYZER_NUMBER_OBJECT_CONVERSION = YES_AGGRESSIVE;
				CLANG_CXX_LANGUAGE_STANDARD = "gnu++14";
				CLANG_CXX_LIBRARY = "libc++";
				CLANG_ENABLE_MODULES = YES;
				CLANG_ENABLE_OBJC_ARC = YES;
				CLANG_ENABLE_OBJC_WEAK = YES;
				CLANG_WARN_BLOCK_CAPTURE_AUTORELEASING = YES;
				CLANG_WARN_BOOL_CONVERSION = YES;
				CLANG_WARN_COMMA = YES;
				CLANG_WARN_CONSTANT_CONVERSION = YES;
				CLANG_WARN_DEPRECATED_OBJC_IMPLEMENTATIONS = YES;
				CLANG_WARN_DIRECT_OBJC_ISA_USAGE = YES_ERROR;
				CLANG_WARN_DOCUMENTATION_COMMENTS = YES;
				CLANG_WARN_EMPTY_BODY = YES;
				CLANG_WARN_ENUM_CONVERSION = YES;
				CLANG_WARN_INFINITE_RECURSION = YES;
				CLANG_WARN_INT_CONVERSION = YES;
				CLANG_WARN_NON_LITERAL_NULL_CONVERSION = YES;
				CLANG_WARN_OBJC_IMPLICIT_RETAIN_SELF = YES;
				CLANG_WARN_OBJC_LITERAL_CONVERSION = YES;
				CLANG_WARN_OBJC_ROOT_CLASS = YES_ERROR;
				CLANG_WARN_RANGE_LOOP_ANALYSIS = YES;
				CLANG_WARN_STRICT_PROTOTYPES = YES;
				CLANG_WARN_SUSPICIOUS_MOVE = YES;
				CLANG_WARN_UNGUARDED_AVAILABILITY = YES_AGGRESSIVE;
				CLANG_WARN_UNREACHABLE_CODE = YES;
				CLANG_WARN__DUPLICATE_METHOD_MATCH = YES;
				COPY_PHASE_STRIP = NO;
				DEBUG_INFORMATION_FORMAT = dwarf;
				ENABLE_STRICT_OBJC_MSGSEND = YES;
				ENABLE_TESTABILITY = YES;
				GCC_C_LANGUAGE_STANDARD = gnu11;
				GCC_DYNAMIC_NO_PIC = NO;
				GCC_NO_COMMON_BLOCKS = YES;
				GCC_OPTIMIZATION_LEVEL = 0;
				GCC_PREPROCESSOR_DEFINITIONS = (
					"DEBUG=1",
					"$(inherited)",
				);
				GCC_WARN_64_TO_32_BIT_CONVERSION = YES;
				GCC_WARN_ABOUT_RETURN_TYPE = YES_ERROR;
				GCC_WARN_UNDECLARED_SELECTOR = YES;
				GCC_WARN_UNINITIALIZED_AUTOS = YES_AGGRESSIVE;
				GCC_WARN_UNUSED_FUNCTION = YES;
				GCC_WARN_UNUSED_VARIABLE = YES;
				IPHONEOS_DEPLOYMENT_TARGET = 12.3;
				MTL_ENABLE_DEBUG_INFO = INCLUDE_SOURCE;
				MTL_FAST_MATH = YES;
				ONLY_ACTIVE_ARCH = YES;
				SDKROOT = iphoneos;
			};
			name = Debug;
		};
		459C413A23569AAB00438169 /* Release */ = {
			isa = XCBuildConfiguration;
			buildSettings = {
				ALWAYS_SEARCH_USER_PATHS = NO;
				CLANG_ANALYZER_NONNULL = YES;
				CLANG_ANALYZER_NUMBER_OBJECT_CONVERSION = YES_AGGRESSIVE;
				CLANG_CXX_LANGUAGE_STANDARD = "gnu++14";
				CLANG_CXX_LIBRARY = "libc++";
				CLANG_ENABLE_MODULES = YES;
				CLANG_ENABLE_OBJC_ARC = YES;
				CLANG_ENABLE_OBJC_WEAK = YES;
				CLANG_WARN_BLOCK_CAPTURE_AUTORELEASING = YES;
				CLANG_WARN_BOOL_CONVERSION = YES;
				CLANG_WARN_COMMA = YES;
				CLANG_WARN_CONSTANT_CONVERSION = YES;
				CLANG_WARN_DEPRECATED_OBJC_IMPLEMENTATIONS = YES;
				CLANG_WARN_DIRECT_OBJC_ISA_USAGE = YES_ERROR;
				CLANG_WARN_DOCUMENTATION_COMMENTS = YES;
				CLANG_WARN_EMPTY_BODY = YES;
				CLANG_WARN_ENUM_CONVERSION = YES;
				CLANG_WARN_INFINITE_RECURSION = YES;
				CLANG_WARN_INT_CONVERSION = YES;
				CLANG_WARN_NON_LITERAL_NULL_CONVERSION = YES;
				CLANG_WARN_OBJC_IMPLICIT_RETAIN_SELF = YES;
				CLANG_WARN_OBJC_LITERAL_CONVERSION = YES;
				CLANG_WARN_OBJC_ROOT_CLASS = YES_ERROR;
				CLANG_WARN_RANGE_LOOP_ANALYSIS = YES;
				CLANG_WARN_STRICT_PROTOTYPES = YES;
				CLANG_WARN_SUSPICIOUS_MOVE = YES;
				CLANG_WARN_UNGUARDED_AVAILABILITY = YES_AGGRESSIVE;
				CLANG_WARN_UNREACHABLE_CODE = YES;
				CLANG_WARN__DUPLICATE_METHOD_MATCH = YES;
				COPY_PHASE_STRIP = NO;
				DEBUG_INFORMATION_FORMAT = "dwarf-with-dsym";
				ENABLE_NS_ASSERTIONS = NO;
				ENABLE_STRICT_OBJC_MSGSEND = YES;
				GCC_C_LANGUAGE_STANDARD = gnu11;
				GCC_NO_COMMON_BLOCKS = YES;
				GCC_WARN_64_TO_32_BIT_CONVERSION = YES;
				GCC_WARN_ABOUT_RETURN_TYPE = YES_ERROR;
				GCC_WARN_UNDECLARED_SELECTOR = YES;
				GCC_WARN_UNINITIALIZED_AUTOS = YES_AGGRESSIVE;
				GCC_WARN_UNUSED_FUNCTION = YES;
				GCC_WARN_UNUSED_VARIABLE = YES;
				IPHONEOS_DEPLOYMENT_TARGET = 12.3;
				MTL_ENABLE_DEBUG_INFO = NO;
				MTL_FAST_MATH = YES;
				SDKROOT = iphoneos;
				VALIDATE_PRODUCT = YES;
			};
			name = Release;
		};
		459C413C23569AAB00438169 /* Debug */ = {
			isa = XCBuildConfiguration;
			buildSettings = {
				ASSETCATALOG_COMPILER_APPICON_NAME = AppIcon;
				CODE_SIGN_STYLE = Automatic;
				DEVELOPMENT_TEAM = NFW4WTJX6R;
				INFOPLIST_FILE = fosa1.0/Info.plist;
				LD_RUNPATH_SEARCH_PATHS = (
					"$(inherited)",
					"@executable_path/Frameworks",
				);
				PRODUCT_BUNDLE_IDENTIFIER = "com.hs.fosa1-0";
				PRODUCT_NAME = "$(TARGET_NAME)";
				TARGETED_DEVICE_FAMILY = 1;
			};
			name = Debug;
		};
		459C413D23569AAB00438169 /* Release */ = {
			isa = XCBuildConfiguration;
			buildSettings = {
				ASSETCATALOG_COMPILER_APPICON_NAME = AppIcon;
				CODE_SIGN_STYLE = Automatic;
				DEVELOPMENT_TEAM = NFW4WTJX6R;
				INFOPLIST_FILE = fosa1.0/Info.plist;
				LD_RUNPATH_SEARCH_PATHS = (
					"$(inherited)",
					"@executable_path/Frameworks",
				);
				PRODUCT_BUNDLE_IDENTIFIER = "com.hs.fosa1-0";
				PRODUCT_NAME = "$(TARGET_NAME)";
				TARGETED_DEVICE_FAMILY = 1;
			};
			name = Release;
		};
		459C413F23569AAB00438169 /* Debug */ = {
			isa = XCBuildConfiguration;
			buildSettings = {
				BUNDLE_LOADER = "$(TEST_HOST)";
				CODE_SIGN_STYLE = Automatic;
				DEVELOPMENT_TEAM = NFW4WTJX6R;
				INFOPLIST_FILE = fosa1.0Tests/Info.plist;
				IPHONEOS_DEPLOYMENT_TARGET = 13.1;
				LD_RUNPATH_SEARCH_PATHS = (
					"$(inherited)",
					"@executable_path/Frameworks",
					"@loader_path/Frameworks",
				);
				PRODUCT_BUNDLE_IDENTIFIER = "com.hs.fosa1-0Tests";
				PRODUCT_NAME = "$(TARGET_NAME)";
				TARGETED_DEVICE_FAMILY = "1,2";
				TEST_HOST = "$(BUILT_PRODUCTS_DIR)/fosa1.0.app/fosa1.0";
			};
			name = Debug;
		};
		459C414023569AAB00438169 /* Release */ = {
			isa = XCBuildConfiguration;
			buildSettings = {
				BUNDLE_LOADER = "$(TEST_HOST)";
				CODE_SIGN_STYLE = Automatic;
				DEVELOPMENT_TEAM = NFW4WTJX6R;
				INFOPLIST_FILE = fosa1.0Tests/Info.plist;
				IPHONEOS_DEPLOYMENT_TARGET = 13.1;
				LD_RUNPATH_SEARCH_PATHS = (
					"$(inherited)",
					"@executable_path/Frameworks",
					"@loader_path/Frameworks",
				);
				PRODUCT_BUNDLE_IDENTIFIER = "com.hs.fosa1-0Tests";
				PRODUCT_NAME = "$(TARGET_NAME)";
				TARGETED_DEVICE_FAMILY = "1,2";
				TEST_HOST = "$(BUILT_PRODUCTS_DIR)/fosa1.0.app/fosa1.0";
			};
			name = Release;
		};
		459C414223569AAB00438169 /* Debug */ = {
			isa = XCBuildConfiguration;
			buildSettings = {
				CODE_SIGN_STYLE = Automatic;
				DEVELOPMENT_TEAM = NFW4WTJX6R;
				INFOPLIST_FILE = fosa1.0UITests/Info.plist;
				LD_RUNPATH_SEARCH_PATHS = (
					"$(inherited)",
					"@executable_path/Frameworks",
					"@loader_path/Frameworks",
				);
				PRODUCT_BUNDLE_IDENTIFIER = "com.hs.fosa1-0UITests";
				PRODUCT_NAME = "$(TARGET_NAME)";
				TARGETED_DEVICE_FAMILY = "1,2";
				TEST_TARGET_NAME = fosa1.0;
			};
			name = Debug;
		};
		459C414323569AAB00438169 /* Release */ = {
			isa = XCBuildConfiguration;
			buildSettings = {
				CODE_SIGN_STYLE = Automatic;
				DEVELOPMENT_TEAM = NFW4WTJX6R;
				INFOPLIST_FILE = fosa1.0UITests/Info.plist;
				LD_RUNPATH_SEARCH_PATHS = (
					"$(inherited)",
					"@executable_path/Frameworks",
					"@loader_path/Frameworks",
				);
				PRODUCT_BUNDLE_IDENTIFIER = "com.hs.fosa1-0UITests";
				PRODUCT_NAME = "$(TARGET_NAME)";
				TARGETED_DEVICE_FAMILY = "1,2";
				TEST_TARGET_NAME = fosa1.0;
			};
			name = Release;
		};
/* End XCBuildConfiguration section */

/* Begin XCConfigurationList section */
		459C410723569AA900438169 /* Build configuration list for PBXProject "fosa1.0" */ = {
			isa = XCConfigurationList;
			buildConfigurations = (
				459C413923569AAB00438169 /* Debug */,
				459C413A23569AAB00438169 /* Release */,
			);
			defaultConfigurationIsVisible = 0;
			defaultConfigurationName = Release;
		};
		459C413B23569AAB00438169 /* Build configuration list for PBXNativeTarget "fosa1.0" */ = {
			isa = XCConfigurationList;
			buildConfigurations = (
				459C413C23569AAB00438169 /* Debug */,
				459C413D23569AAB00438169 /* Release */,
			);
			defaultConfigurationIsVisible = 0;
			defaultConfigurationName = Release;
		};
		459C413E23569AAB00438169 /* Build configuration list for PBXNativeTarget "fosa1.0Tests" */ = {
			isa = XCConfigurationList;
			buildConfigurations = (
				459C413F23569AAB00438169 /* Debug */,
				459C414023569AAB00438169 /* Release */,
			);
			defaultConfigurationIsVisible = 0;
			defaultConfigurationName = Release;
		};
		459C414123569AAB00438169 /* Build configuration list for PBXNativeTarget "fosa1.0UITests" */ = {
			isa = XCConfigurationList;
			buildConfigurations = (
				459C414223569AAB00438169 /* Debug */,
				459C414323569AAB00438169 /* Release */,
			);
			defaultConfigurationIsVisible = 0;
			defaultConfigurationName = Release;
		};
/* End XCConfigurationList section */
	};
	rootObject = 459C410423569AA900438169 /* Project object */;
}
