// !$*UTF8*$!
{
	archiveVersion = 1;
	classes = {
	};
	objectVersion = 50;
	objects = {

/* Begin PBXBuildFile section */
		452465562384CC560034F392 /* SealerModel.m in Sources */ = {isa = PBXBuildFile; fileRef = 452465552384CC560034F392 /* SealerModel.m */; };
		452465592384CD7A0034F392 /* SealerHeader.m in Sources */ = {isa = PBXBuildFile; fileRef = 452465582384CD7A0034F392 /* SealerHeader.m */; };
		4524655C2384CDDF0034F392 /* SealerTable.m in Sources */ = {isa = PBXBuildFile; fileRef = 4524655B2384CDDF0034F392 /* SealerTable.m */; };
		4524655F238522D00034F392 /* FosaScrollview.m in Sources */ = {isa = PBXBuildFile; fileRef = 4524655E238522D00034F392 /* FosaScrollview.m */; };
		45246562238524040034F392 /* productView.m in Sources */ = {isa = PBXBuildFile; fileRef = 45246561238524040034F392 /* productView.m */; };
		4551FDA02378EA50007A2EFB /* AppDelegate.m in Sources */ = {isa = PBXBuildFile; fileRef = 4551FD9F2378EA50007A2EFB /* AppDelegate.m */; };
		4551FDA32378EA50007A2EFB /* SceneDelegate.m in Sources */ = {isa = PBXBuildFile; fileRef = 4551FDA22378EA50007A2EFB /* SceneDelegate.m */; };
		4551FDA62378EA50007A2EFB /* ViewController.m in Sources */ = {isa = PBXBuildFile; fileRef = 4551FDA52378EA50007A2EFB /* ViewController.m */; };
		4551FDA92378EA50007A2EFB /* Main.storyboard in Resources */ = {isa = PBXBuildFile; fileRef = 4551FDA72378EA50007A2EFB /* Main.storyboard */; };
		4551FDAB2378EA51007A2EFB /* Assets.xcassets in Resources */ = {isa = PBXBuildFile; fileRef = 4551FDAA2378EA51007A2EFB /* Assets.xcassets */; };
		4551FDAE2378EA51007A2EFB /* LaunchScreen.storyboard in Resources */ = {isa = PBXBuildFile; fileRef = 4551FDAC2378EA51007A2EFB /* LaunchScreen.storyboard */; };
		4551FDB12378EA51007A2EFB /* main.m in Sources */ = {isa = PBXBuildFile; fileRef = 4551FDB02378EA51007A2EFB /* main.m */; };
		4551FDBB2378EA51007A2EFB /* FOSATests.m in Sources */ = {isa = PBXBuildFile; fileRef = 4551FDBA2378EA51007A2EFB /* FOSATests.m */; };
		4551FDC62378EA51007A2EFB /* FOSAUITests.m in Sources */ = {isa = PBXBuildFile; fileRef = 4551FDC52378EA51007A2EFB /* FOSAUITests.m */; };
		4551FDD62378EC91007A2EFB /* RootTabBarViewController.m in Sources */ = {isa = PBXBuildFile; fileRef = 4551FDD52378EC91007A2EFB /* RootTabBarViewController.m */; };
		4551FDD92378ED96007A2EFB /* FosaMainViewController.m in Sources */ = {isa = PBXBuildFile; fileRef = 4551FDD82378ED96007A2EFB /* FosaMainViewController.m */; };
		4551FDDC2378EDBB007A2EFB /* FosaProductViewController.m in Sources */ = {isa = PBXBuildFile; fileRef = 4551FDDB2378EDBB007A2EFB /* FosaProductViewController.m */; };
		4551FDDF2378EEB3007A2EFB /* FosaUserViewController.m in Sources */ = {isa = PBXBuildFile; fileRef = 4551FDDE2378EEB3007A2EFB /* FosaUserViewController.m */; };
		4551FDE22378EECA007A2EFB /* FosaPoundViewController.m in Sources */ = {isa = PBXBuildFile; fileRef = 4551FDE12378EECA007A2EFB /* FosaPoundViewController.m */; };
		4551FDE72378F17E007A2EFB /* Fosa_QRCode_Queue.m in Sources */ = {isa = PBXBuildFile; fileRef = 4551FDE62378F17E007A2EFB /* Fosa_QRCode_Queue.m */; };
		4551FDEB2378F1A6007A2EFB /* Fosa_NSString_Queue.m in Sources */ = {isa = PBXBuildFile; fileRef = 4551FDEA2378F1A6007A2EFB /* Fosa_NSString_Queue.m */; };
		4551FDF62378F37D007A2EFB /* 启动图2.png in Resources */ = {isa = PBXBuildFile; fileRef = 4551FDF52378F37D007A2EFB /* 启动图2.png */; };
		4551FDF82378F4EC007A2EFB /* ding.wav in Resources */ = {isa = PBXBuildFile; fileRef = 4551FDF72378F4EC007A2EFB /* ding.wav */; };
		4551FDFA2378F4F2007A2EFB /* shanguangdeng-liang.png in Resources */ = {isa = PBXBuildFile; fileRef = 4551FDF92378F4F2007A2EFB /* shanguangdeng-liang.png */; };
		4551FDFC2378F4FC007A2EFB /* shanguangdeng-an.png in Resources */ = {isa = PBXBuildFile; fileRef = 4551FDFB2378F4FC007A2EFB /* shanguangdeng-an.png */; };
		4551FDFE2378F504007A2EFB /* saoyisao@3x.png in Resources */ = {isa = PBXBuildFile; fileRef = 4551FDFD2378F504007A2EFB /* saoyisao@3x.png */; };
		4551FE002378F508007A2EFB /* saoyisao-3@3x.png in Resources */ = {isa = PBXBuildFile; fileRef = 4551FDFF2378F508007A2EFB /* saoyisao-3@3x.png */; };
		4551FE032378F54D007A2EFB /* ScanOneCodeViewController.m in Sources */ = {isa = PBXBuildFile; fileRef = 4551FE022378F54D007A2EFB /* ScanOneCodeViewController.m */; };
		4551FE062378F55E007A2EFB /* ScanMoreCodeViewController.m in Sources */ = {isa = PBXBuildFile; fileRef = 4551FE052378F55E007A2EFB /* ScanMoreCodeViewController.m */; };
		4551FE092378F57C007A2EFB /* ResultViewController.m in Sources */ = {isa = PBXBuildFile; fileRef = 4551FE082378F57C007A2EFB /* ResultViewController.m */; };
		4551FE0C2378F60E007A2EFB /* MenuModel.m in Sources */ = {isa = PBXBuildFile; fileRef = 4551FE0B2378F60E007A2EFB /* MenuModel.m */; };
		4551FE102378F6A7007A2EFB /* FosaMenu.m in Sources */ = {isa = PBXBuildFile; fileRef = 4551FE0F2378F6A7007A2EFB /* FosaMenu.m */; };
		4551FE142378F75F007A2EFB /* FoodInfoView.m in Sources */ = {isa = PBXBuildFile; fileRef = 4551FE132378F75F007A2EFB /* FoodInfoView.m */; };
		4551FE172378F7A1007A2EFB /* FoodMoreInfoView.m in Sources */ = {isa = PBXBuildFile; fileRef = 4551FE162378F7A1007A2EFB /* FoodMoreInfoView.m */; };
		4551FE1A2378F7FF007A2EFB /* FoodModel.m in Sources */ = {isa = PBXBuildFile; fileRef = 4551FE192378F7FF007A2EFB /* FoodModel.m */; };
		4551FE1E2378F971007A2EFB /* CellModel.m in Sources */ = {isa = PBXBuildFile; fileRef = 4551FE1D2378F971007A2EFB /* CellModel.m */; };
		4551FE212378F9B1007A2EFB /* FoodCollectionViewCell.m in Sources */ = {isa = PBXBuildFile; fileRef = 4551FE202378F9B1007A2EFB /* FoodCollectionViewCell.m */; };
		4551FE242378F9FC007A2EFB /* PhotoViewController.m in Sources */ = {isa = PBXBuildFile; fileRef = 4551FE232378F9FC007A2EFB /* PhotoViewController.m */; };
		4551FE272378FA14007A2EFB /* LoginViewController.m in Sources */ = {isa = PBXBuildFile; fileRef = 4551FE262378FA14007A2EFB /* LoginViewController.m */; };
		4551FE2A2378FA46007A2EFB /* RegisterViewController.m in Sources */ = {isa = PBXBuildFile; fileRef = 4551FE292378FA46007A2EFB /* RegisterViewController.m */; };
		4551FE302378FB0F007A2EFB /* AddViewController.m in Sources */ = {isa = PBXBuildFile; fileRef = 4551FE2F2378FB0F007A2EFB /* AddViewController.m */; };
		4551FE332378FB22007A2EFB /* FoodInfoViewController.m in Sources */ = {isa = PBXBuildFile; fileRef = 4551FE322378FB22007A2EFB /* FoodInfoViewController.m */; };
		4551FE3B2379605E007A2EFB /* SqliteManager.m in Sources */ = {isa = PBXBuildFile; fileRef = 4551FE3A2379605E007A2EFB /* SqliteManager.m */; };
		459E0089237E43A4006D0E59 /* MyDeviceViewController.m in Sources */ = {isa = PBXBuildFile; fileRef = 459E0088237E43A4006D0E59 /* MyDeviceViewController.m */; };
		459E008C237E43BA006D0E59 /* OtherViewController.m in Sources */ = {isa = PBXBuildFile; fileRef = 459E008B237E43BA006D0E59 /* OtherViewController.m */; };
		45D94513237BD41A000E2550 /* logo.png in Resources */ = {isa = PBXBuildFile; fileRef = 45D94512237BD419000E2550 /* logo.png */; };
		45EF0E3C238768BD00C4FE1C /* LoadCircleView.m in Sources */ = {isa = PBXBuildFile; fileRef = 45EF0E3B238768BD00C4FE1C /* LoadCircleView.m */; };
		45F821812383CA9200F0CD8A /* img_fosa.jpg in Resources */ = {isa = PBXBuildFile; fileRef = 45F821802383CA9100F0CD8A /* img_fosa.jpg */; };
		45F821832383CA9900F0CD8A /* img_pound.jpg in Resources */ = {isa = PBXBuildFile; fileRef = 45F821822383CA9900F0CD8A /* img_pound.jpg */; };
		45F821852383CD8D00F0CD8A /* fosa.jpg in Resources */ = {isa = PBXBuildFile; fileRef = 45F821842383CD8D00F0CD8A /* fosa.jpg */; };
		45F821892383D29000F0CD8A /* SealerTableViewCell.m in Sources */ = {isa = PBXBuildFile; fileRef = 45F821882383D29000F0CD8A /* SealerTableViewCell.m */; };
		45FA9D24237D0749007A8E55 /* FosaNotification.m in Sources */ = {isa = PBXBuildFile; fileRef = 45FA9D23237D0749007A8E55 /* FosaNotification.m */; };
/* End PBXBuildFile section */

/* Begin PBXContainerItemProxy section */
		4551FDB72378EA51007A2EFB /* PBXContainerItemProxy */ = {
			isa = PBXContainerItemProxy;
			containerPortal = 4551FD932378EA50007A2EFB /* Project object */;
			proxyType = 1;
			remoteGlobalIDString = 4551FD9A2378EA50007A2EFB;
			remoteInfo = FOSA;
		};
		4551FDC22378EA51007A2EFB /* PBXContainerItemProxy */ = {
			isa = PBXContainerItemProxy;
			containerPortal = 4551FD932378EA50007A2EFB /* Project object */;
			proxyType = 1;
			remoteGlobalIDString = 4551FD9A2378EA50007A2EFB;
			remoteInfo = FOSA;
		};
/* End PBXContainerItemProxy section */

/* Begin PBXCopyFilesBuildPhase section */
		45D944FC237B8AD1000E2550 /* Embed App Extensions */ = {
			isa = PBXCopyFilesBuildPhase;
			buildActionMask = 2147483647;
			dstPath = "";
			dstSubfolderSpec = 13;
			files = (
			);
			name = "Embed App Extensions";
			runOnlyForDeploymentPostprocessing = 0;
		};
/* End PBXCopyFilesBuildPhase section */

/* Begin PBXFileReference section */
		452465542384CC560034F392 /* SealerModel.h */ = {isa = PBXFileReference; lastKnownFileType = sourcecode.c.h; path = SealerModel.h; sourceTree = "<group>"; };
		452465552384CC560034F392 /* SealerModel.m */ = {isa = PBXFileReference; lastKnownFileType = sourcecode.c.objc; path = SealerModel.m; sourceTree = "<group>"; };
		452465572384CD7A0034F392 /* SealerHeader.h */ = {isa = PBXFileReference; lastKnownFileType = sourcecode.c.h; path = SealerHeader.h; sourceTree = "<group>"; };
		452465582384CD7A0034F392 /* SealerHeader.m */ = {isa = PBXFileReference; lastKnownFileType = sourcecode.c.objc; path = SealerHeader.m; sourceTree = "<group>"; };
		4524655A2384CDDF0034F392 /* SealerTable.h */ = {isa = PBXFileReference; lastKnownFileType = sourcecode.c.h; path = SealerTable.h; sourceTree = "<group>"; };
		4524655B2384CDDF0034F392 /* SealerTable.m */ = {isa = PBXFileReference; lastKnownFileType = sourcecode.c.objc; path = SealerTable.m; sourceTree = "<group>"; };
		4524655D238522D00034F392 /* FosaScrollview.h */ = {isa = PBXFileReference; lastKnownFileType = sourcecode.c.h; path = FosaScrollview.h; sourceTree = "<group>"; };
		4524655E238522D00034F392 /* FosaScrollview.m */ = {isa = PBXFileReference; lastKnownFileType = sourcecode.c.objc; path = FosaScrollview.m; sourceTree = "<group>"; };
		45246560238524040034F392 /* productView.h */ = {isa = PBXFileReference; lastKnownFileType = sourcecode.c.h; path = productView.h; sourceTree = "<group>"; };
		45246561238524040034F392 /* productView.m */ = {isa = PBXFileReference; lastKnownFileType = sourcecode.c.objc; path = productView.m; sourceTree = "<group>"; };
		4551FD9B2378EA50007A2EFB /* FOSA.app */ = {isa = PBXFileReference; explicitFileType = wrapper.application; includeInIndex = 0; path = FOSA.app; sourceTree = BUILT_PRODUCTS_DIR; };
		4551FD9E2378EA50007A2EFB /* AppDelegate.h */ = {isa = PBXFileReference; lastKnownFileType = sourcecode.c.h; path = AppDelegate.h; sourceTree = "<group>"; };
		4551FD9F2378EA50007A2EFB /* AppDelegate.m */ = {isa = PBXFileReference; lastKnownFileType = sourcecode.c.objc; path = AppDelegate.m; sourceTree = "<group>"; };
		4551FDA12378EA50007A2EFB /* SceneDelegate.h */ = {isa = PBXFileReference; lastKnownFileType = sourcecode.c.h; path = SceneDelegate.h; sourceTree = "<group>"; };
		4551FDA22378EA50007A2EFB /* SceneDelegate.m */ = {isa = PBXFileReference; lastKnownFileType = sourcecode.c.objc; path = SceneDelegate.m; sourceTree = "<group>"; };
		4551FDA42378EA50007A2EFB /* ViewController.h */ = {isa = PBXFileReference; lastKnownFileType = sourcecode.c.h; path = ViewController.h; sourceTree = "<group>"; };
		4551FDA52378EA50007A2EFB /* ViewController.m */ = {isa = PBXFileReference; lastKnownFileType = sourcecode.c.objc; path = ViewController.m; sourceTree = "<group>"; };
		4551FDA82378EA50007A2EFB /* Base */ = {isa = PBXFileReference; lastKnownFileType = file.storyboard; name = Base; path = Base.lproj/Main.storyboard; sourceTree = "<group>"; };
		4551FDAA2378EA51007A2EFB /* Assets.xcassets */ = {isa = PBXFileReference; lastKnownFileType = folder.assetcatalog; path = Assets.xcassets; sourceTree = "<group>"; };
		4551FDAD2378EA51007A2EFB /* Base */ = {isa = PBXFileReference; lastKnownFileType = file.storyboard; name = Base; path = Base.lproj/LaunchScreen.storyboard; sourceTree = "<group>"; };
		4551FDAF2378EA51007A2EFB /* Info.plist */ = {isa = PBXFileReference; lastKnownFileType = text.plist.xml; path = Info.plist; sourceTree = "<group>"; };
		4551FDB02378EA51007A2EFB /* main.m */ = {isa = PBXFileReference; lastKnownFileType = sourcecode.c.objc; path = main.m; sourceTree = "<group>"; };
		4551FDB62378EA51007A2EFB /* FOSATests.xctest */ = {isa = PBXFileReference; explicitFileType = wrapper.cfbundle; includeInIndex = 0; path = FOSATests.xctest; sourceTree = BUILT_PRODUCTS_DIR; };
		4551FDBA2378EA51007A2EFB /* FOSATests.m */ = {isa = PBXFileReference; lastKnownFileType = sourcecode.c.objc; path = FOSATests.m; sourceTree = "<group>"; };
		4551FDBC2378EA51007A2EFB /* Info.plist */ = {isa = PBXFileReference; lastKnownFileType = text.plist.xml; path = Info.plist; sourceTree = "<group>"; };
		4551FDC12378EA51007A2EFB /* FOSAUITests.xctest */ = {isa = PBXFileReference; explicitFileType = wrapper.cfbundle; includeInIndex = 0; path = FOSAUITests.xctest; sourceTree = BUILT_PRODUCTS_DIR; };
		4551FDC52378EA51007A2EFB /* FOSAUITests.m */ = {isa = PBXFileReference; lastKnownFileType = sourcecode.c.objc; path = FOSAUITests.m; sourceTree = "<group>"; };
		4551FDC72378EA51007A2EFB /* Info.plist */ = {isa = PBXFileReference; lastKnownFileType = text.plist.xml; path = Info.plist; sourceTree = "<group>"; };
		4551FDD42378EC91007A2EFB /* RootTabBarViewController.h */ = {isa = PBXFileReference; lastKnownFileType = sourcecode.c.h; name = RootTabBarViewController.h; path = FOSA/RootTabBarViewController.h; sourceTree = SOURCE_ROOT; };
		4551FDD52378EC91007A2EFB /* RootTabBarViewController.m */ = {isa = PBXFileReference; lastKnownFileType = sourcecode.c.objc; name = RootTabBarViewController.m; path = FOSA/RootTabBarViewController.m; sourceTree = SOURCE_ROOT; };
		4551FDD72378ED96007A2EFB /* FosaMainViewController.h */ = {isa = PBXFileReference; lastKnownFileType = sourcecode.c.h; path = FosaMainViewController.h; sourceTree = "<group>"; };
		4551FDD82378ED96007A2EFB /* FosaMainViewController.m */ = {isa = PBXFileReference; lastKnownFileType = sourcecode.c.objc; path = FosaMainViewController.m; sourceTree = "<group>"; };
		4551FDDA2378EDBB007A2EFB /* FosaProductViewController.h */ = {isa = PBXFileReference; lastKnownFileType = sourcecode.c.h; path = FosaProductViewController.h; sourceTree = "<group>"; };
		4551FDDB2378EDBB007A2EFB /* FosaProductViewController.m */ = {isa = PBXFileReference; lastKnownFileType = sourcecode.c.objc; path = FosaProductViewController.m; sourceTree = "<group>"; };
		4551FDDD2378EEB3007A2EFB /* FosaUserViewController.h */ = {isa = PBXFileReference; lastKnownFileType = sourcecode.c.h; path = FosaUserViewController.h; sourceTree = "<group>"; };
		4551FDDE2378EEB3007A2EFB /* FosaUserViewController.m */ = {isa = PBXFileReference; lastKnownFileType = sourcecode.c.objc; path = FosaUserViewController.m; sourceTree = "<group>"; };
		4551FDE02378EECA007A2EFB /* FosaPoundViewController.h */ = {isa = PBXFileReference; lastKnownFileType = sourcecode.c.h; path = FosaPoundViewController.h; sourceTree = "<group>"; };
		4551FDE12378EECA007A2EFB /* FosaPoundViewController.m */ = {isa = PBXFileReference; lastKnownFileType = sourcecode.c.objc; path = FosaPoundViewController.m; sourceTree = "<group>"; };
		4551FDE52378F17E007A2EFB /* Fosa_QRCode_Queue.h */ = {isa = PBXFileReference; lastKnownFileType = sourcecode.c.h; path = Fosa_QRCode_Queue.h; sourceTree = "<group>"; };
		4551FDE62378F17E007A2EFB /* Fosa_QRCode_Queue.m */ = {isa = PBXFileReference; lastKnownFileType = sourcecode.c.objc; path = Fosa_QRCode_Queue.m; sourceTree = "<group>"; };
		4551FDE92378F1A6007A2EFB /* Fosa_NSString_Queue.h */ = {isa = PBXFileReference; lastKnownFileType = sourcecode.c.h; path = Fosa_NSString_Queue.h; sourceTree = "<group>"; };
		4551FDEA2378F1A6007A2EFB /* Fosa_NSString_Queue.m */ = {isa = PBXFileReference; lastKnownFileType = sourcecode.c.objc; path = Fosa_NSString_Queue.m; sourceTree = "<group>"; };
		4551FDF52378F37D007A2EFB /* 启动图2.png */ = {isa = PBXFileReference; lastKnownFileType = image.png; path = "启动图2.png"; sourceTree = "<group>"; };
		4551FDF72378F4EC007A2EFB /* ding.wav */ = {isa = PBXFileReference; lastKnownFileType = audio.wav; path = ding.wav; sourceTree = "<group>"; };
		4551FDF92378F4F2007A2EFB /* shanguangdeng-liang.png */ = {isa = PBXFileReference; lastKnownFileType = image.png; path = "shanguangdeng-liang.png"; sourceTree = "<group>"; };
		4551FDFB2378F4FC007A2EFB /* shanguangdeng-an.png */ = {isa = PBXFileReference; lastKnownFileType = image.png; path = "shanguangdeng-an.png"; sourceTree = "<group>"; };
		4551FDFD2378F504007A2EFB /* saoyisao@3x.png */ = {isa = PBXFileReference; lastKnownFileType = image.png; path = "saoyisao@3x.png"; sourceTree = "<group>"; };
		4551FDFF2378F508007A2EFB /* saoyisao-3@3x.png */ = {isa = PBXFileReference; lastKnownFileType = image.png; path = "saoyisao-3@3x.png"; sourceTree = "<group>"; };
		4551FE012378F54D007A2EFB /* ScanOneCodeViewController.h */ = {isa = PBXFileReference; lastKnownFileType = sourcecode.c.h; path = ScanOneCodeViewController.h; sourceTree = "<group>"; };
		4551FE022378F54D007A2EFB /* ScanOneCodeViewController.m */ = {isa = PBXFileReference; lastKnownFileType = sourcecode.c.objc; path = ScanOneCodeViewController.m; sourceTree = "<group>"; };
		4551FE042378F55E007A2EFB /* ScanMoreCodeViewController.h */ = {isa = PBXFileReference; lastKnownFileType = sourcecode.c.h; path = ScanMoreCodeViewController.h; sourceTree = "<group>"; };
		4551FE052378F55E007A2EFB /* ScanMoreCodeViewController.m */ = {isa = PBXFileReference; lastKnownFileType = sourcecode.c.objc; path = ScanMoreCodeViewController.m; sourceTree = "<group>"; };
		4551FE072378F57C007A2EFB /* ResultViewController.h */ = {isa = PBXFileReference; lastKnownFileType = sourcecode.c.h; path = ResultViewController.h; sourceTree = "<group>"; };
		4551FE082378F57C007A2EFB /* ResultViewController.m */ = {isa = PBXFileReference; lastKnownFileType = sourcecode.c.objc; path = ResultViewController.m; sourceTree = "<group>"; };
		4551FE0A2378F60E007A2EFB /* MenuModel.h */ = {isa = PBXFileReference; lastKnownFileType = sourcecode.c.h; path = MenuModel.h; sourceTree = "<group>"; };
		4551FE0B2378F60E007A2EFB /* MenuModel.m */ = {isa = PBXFileReference; lastKnownFileType = sourcecode.c.objc; path = MenuModel.m; sourceTree = "<group>"; };
		4551FE0E2378F6A7007A2EFB /* FosaMenu.h */ = {isa = PBXFileReference; lastKnownFileType = sourcecode.c.h; path = FosaMenu.h; sourceTree = "<group>"; };
		4551FE0F2378F6A7007A2EFB /* FosaMenu.m */ = {isa = PBXFileReference; lastKnownFileType = sourcecode.c.objc; path = FosaMenu.m; sourceTree = "<group>"; };
		4551FE122378F75F007A2EFB /* FoodInfoView.h */ = {isa = PBXFileReference; lastKnownFileType = sourcecode.c.h; path = FoodInfoView.h; sourceTree = "<group>"; };
		4551FE132378F75F007A2EFB /* FoodInfoView.m */ = {isa = PBXFileReference; lastKnownFileType = sourcecode.c.objc; path = FoodInfoView.m; sourceTree = "<group>"; };
		4551FE152378F7A1007A2EFB /* FoodMoreInfoView.h */ = {isa = PBXFileReference; lastKnownFileType = sourcecode.c.h; path = FoodMoreInfoView.h; sourceTree = "<group>"; };
		4551FE162378F7A1007A2EFB /* FoodMoreInfoView.m */ = {isa = PBXFileReference; lastKnownFileType = sourcecode.c.objc; path = FoodMoreInfoView.m; sourceTree = "<group>"; };
		4551FE182378F7FF007A2EFB /* FoodModel.h */ = {isa = PBXFileReference; lastKnownFileType = sourcecode.c.h; path = FoodModel.h; sourceTree = "<group>"; };
		4551FE192378F7FF007A2EFB /* FoodModel.m */ = {isa = PBXFileReference; lastKnownFileType = sourcecode.c.objc; path = FoodModel.m; sourceTree = "<group>"; };
		4551FE1C2378F971007A2EFB /* CellModel.h */ = {isa = PBXFileReference; lastKnownFileType = sourcecode.c.h; path = CellModel.h; sourceTree = "<group>"; };
		4551FE1D2378F971007A2EFB /* CellModel.m */ = {isa = PBXFileReference; lastKnownFileType = sourcecode.c.objc; path = CellModel.m; sourceTree = "<group>"; };
		4551FE1F2378F9B1007A2EFB /* FoodCollectionViewCell.h */ = {isa = PBXFileReference; lastKnownFileType = sourcecode.c.h; path = FoodCollectionViewCell.h; sourceTree = "<group>"; };
		4551FE202378F9B1007A2EFB /* FoodCollectionViewCell.m */ = {isa = PBXFileReference; lastKnownFileType = sourcecode.c.objc; path = FoodCollectionViewCell.m; sourceTree = "<group>"; };
		4551FE222378F9FC007A2EFB /* PhotoViewController.h */ = {isa = PBXFileReference; lastKnownFileType = sourcecode.c.h; path = PhotoViewController.h; sourceTree = "<group>"; };
		4551FE232378F9FC007A2EFB /* PhotoViewController.m */ = {isa = PBXFileReference; lastKnownFileType = sourcecode.c.objc; path = PhotoViewController.m; sourceTree = "<group>"; };
		4551FE252378FA14007A2EFB /* LoginViewController.h */ = {isa = PBXFileReference; lastKnownFileType = sourcecode.c.h; path = LoginViewController.h; sourceTree = "<group>"; };
		4551FE262378FA14007A2EFB /* LoginViewController.m */ = {isa = PBXFileReference; lastKnownFileType = sourcecode.c.objc; path = LoginViewController.m; sourceTree = "<group>"; };
		4551FE282378FA46007A2EFB /* RegisterViewController.h */ = {isa = PBXFileReference; lastKnownFileType = sourcecode.c.h; path = RegisterViewController.h; sourceTree = "<group>"; };
		4551FE292378FA46007A2EFB /* RegisterViewController.m */ = {isa = PBXFileReference; lastKnownFileType = sourcecode.c.objc; path = RegisterViewController.m; sourceTree = "<group>"; };
		4551FE2B2378FA9A007A2EFB /* PassValueDelegate.h */ = {isa = PBXFileReference; lastKnownFileType = sourcecode.c.h; path = PassValueDelegate.h; sourceTree = "<group>"; };
		4551FE2E2378FB0F007A2EFB /* AddViewController.h */ = {isa = PBXFileReference; lastKnownFileType = sourcecode.c.h; path = AddViewController.h; sourceTree = "<group>"; };
		4551FE2F2378FB0F007A2EFB /* AddViewController.m */ = {isa = PBXFileReference; lastKnownFileType = sourcecode.c.objc; path = AddViewController.m; sourceTree = "<group>"; };
		4551FE312378FB22007A2EFB /* FoodInfoViewController.h */ = {isa = PBXFileReference; lastKnownFileType = sourcecode.c.h; path = FoodInfoViewController.h; sourceTree = "<group>"; };
		4551FE322378FB22007A2EFB /* FoodInfoViewController.m */ = {isa = PBXFileReference; lastKnownFileType = sourcecode.c.objc; path = FoodInfoViewController.m; sourceTree = "<group>"; };
		4551FE392379605E007A2EFB /* SqliteManager.h */ = {isa = PBXFileReference; lastKnownFileType = sourcecode.c.h; path = SqliteManager.h; sourceTree = "<group>"; };
		4551FE3A2379605E007A2EFB /* SqliteManager.m */ = {isa = PBXFileReference; lastKnownFileType = sourcecode.c.objc; path = SqliteManager.m; sourceTree = "<group>"; };
		459E0087237E43A4006D0E59 /* MyDeviceViewController.h */ = {isa = PBXFileReference; lastKnownFileType = sourcecode.c.h; path = MyDeviceViewController.h; sourceTree = "<group>"; };
		459E0088237E43A4006D0E59 /* MyDeviceViewController.m */ = {isa = PBXFileReference; lastKnownFileType = sourcecode.c.objc; path = MyDeviceViewController.m; sourceTree = "<group>"; };
		459E008A237E43BA006D0E59 /* OtherViewController.h */ = {isa = PBXFileReference; lastKnownFileType = sourcecode.c.h; path = OtherViewController.h; sourceTree = "<group>"; };
		459E008B237E43BA006D0E59 /* OtherViewController.m */ = {isa = PBXFileReference; lastKnownFileType = sourcecode.c.objc; path = OtherViewController.m; sourceTree = "<group>"; };
		45D944ED237B8AD1000E2550 /* UserNotifications.framework */ = {isa = PBXFileReference; lastKnownFileType = wrapper.framework; name = UserNotifications.framework; path = System/Library/Frameworks/UserNotifications.framework; sourceTree = SDKROOT; };
		45D944EF237B8AD1000E2550 /* UserNotificationsUI.framework */ = {isa = PBXFileReference; lastKnownFileType = wrapper.framework; name = UserNotificationsUI.framework; path = System/Library/Frameworks/UserNotificationsUI.framework; sourceTree = SDKROOT; };
		45D94512237BD419000E2550 /* logo.png */ = {isa = PBXFileReference; lastKnownFileType = image.png; path = logo.png; sourceTree = "<group>"; };
		45EF0E3A238768BD00C4FE1C /* LoadCircleView.h */ = {isa = PBXFileReference; lastKnownFileType = sourcecode.c.h; path = LoadCircleView.h; sourceTree = "<group>"; };
		45EF0E3B238768BD00C4FE1C /* LoadCircleView.m */ = {isa = PBXFileReference; lastKnownFileType = sourcecode.c.objc; path = LoadCircleView.m; sourceTree = "<group>"; };
		45F821802383CA9100F0CD8A /* img_fosa.jpg */ = {isa = PBXFileReference; lastKnownFileType = image.jpeg; path = img_fosa.jpg; sourceTree = "<group>"; };
		45F821822383CA9900F0CD8A /* img_pound.jpg */ = {isa = PBXFileReference; lastKnownFileType = image.jpeg; path = img_pound.jpg; sourceTree = "<group>"; };
		45F821842383CD8D00F0CD8A /* fosa.jpg */ = {isa = PBXFileReference; lastKnownFileType = image.jpeg; path = fosa.jpg; sourceTree = "<group>"; };
		45F821872383D29000F0CD8A /* SealerTableViewCell.h */ = {isa = PBXFileReference; lastKnownFileType = sourcecode.c.h; path = SealerTableViewCell.h; sourceTree = "<group>"; };
		45F821882383D29000F0CD8A /* SealerTableViewCell.m */ = {isa = PBXFileReference; lastKnownFileType = sourcecode.c.objc; path = SealerTableViewCell.m; sourceTree = "<group>"; };
		45FA9D22237D0749007A8E55 /* FosaNotification.h */ = {isa = PBXFileReference; lastKnownFileType = sourcecode.c.h; path = FosaNotification.h; sourceTree = "<group>"; };
		45FA9D23237D0749007A8E55 /* FosaNotification.m */ = {isa = PBXFileReference; lastKnownFileType = sourcecode.c.objc; path = FosaNotification.m; sourceTree = "<group>"; };
/* End PBXFileReference section */

/* Begin PBXFrameworksBuildPhase section */
		4551FD982378EA50007A2EFB /* Frameworks */ = {
			isa = PBXFrameworksBuildPhase;
			buildActionMask = 2147483647;
			files = (
			);
			runOnlyForDeploymentPostprocessing = 0;
		};
		4551FDB32378EA51007A2EFB /* Frameworks */ = {
			isa = PBXFrameworksBuildPhase;
			buildActionMask = 2147483647;
			files = (
			);
			runOnlyForDeploymentPostprocessing = 0;
		};
		4551FDBE2378EA51007A2EFB /* Frameworks */ = {
			isa = PBXFrameworksBuildPhase;
			buildActionMask = 2147483647;
			files = (
			);
			runOnlyForDeploymentPostprocessing = 0;
		};
/* End PBXFrameworksBuildPhase section */

/* Begin PBXGroup section */
		4551FD922378EA50007A2EFB = {
			isa = PBXGroup;
			children = (
				4551FD9D2378EA50007A2EFB /* FOSA */,
				4551FDB92378EA51007A2EFB /* FOSATests */,
				4551FDC42378EA51007A2EFB /* FOSAUITests */,
				45D944EC237B8AD1000E2550 /* Frameworks */,
				4551FD9C2378EA50007A2EFB /* Products */,
			);
			sourceTree = "<group>";
		};
		4551FD9C2378EA50007A2EFB /* Products */ = {
			isa = PBXGroup;
			children = (
				4551FD9B2378EA50007A2EFB /* FOSA.app */,
				4551FDB62378EA51007A2EFB /* FOSATests.xctest */,
				4551FDC12378EA51007A2EFB /* FOSAUITests.xctest */,
			);
			name = Products;
			sourceTree = "<group>";
		};
		4551FD9D2378EA50007A2EFB /* FOSA */ = {
			isa = PBXGroup;
			children = (
				45EF0E332387669100C4FE1C /* Animation */,
				4551FDE42378F11B007A2EFB /* DataStruct */,
				45FA9D21237D0723007A8E55 /* Notification */,
				4551FE382379602E007A2EFB /* SqliteFunction */,
				4551FDF22378F29E007A2EFB /* AddProductFunction */,
				4551FDF12378F28E007A2EFB /* ScanFunction */,
				4551FDF42378F2D6007A2EFB /* PhotoFuction */,
				4551FDF32378F2AF007A2EFB /* Login&&Regist */,
				4551FDF02378F283007A2EFB /* FosaView */,
				459E0086237E4360006D0E59 /* Product */,
				4551FDD32378EBDE007A2EFB /* RootFunctionFramework */,
				4551FD9E2378EA50007A2EFB /* AppDelegate.h */,
				4551FD9F2378EA50007A2EFB /* AppDelegate.m */,
				4551FDA12378EA50007A2EFB /* SceneDelegate.h */,
				4551FDA22378EA50007A2EFB /* SceneDelegate.m */,
				4551FDA42378EA50007A2EFB /* ViewController.h */,
				4551FDA52378EA50007A2EFB /* ViewController.m */,
				4551FDA72378EA50007A2EFB /* Main.storyboard */,
				4551FDAA2378EA51007A2EFB /* Assets.xcassets */,
				45F821842383CD8D00F0CD8A /* fosa.jpg */,
				45F821822383CA9900F0CD8A /* img_pound.jpg */,
				45F821802383CA9100F0CD8A /* img_fosa.jpg */,
				45D94512237BD419000E2550 /* logo.png */,
				4551FDF52378F37D007A2EFB /* 启动图2.png */,
				4551FDAC2378EA51007A2EFB /* LaunchScreen.storyboard */,
				4551FDAF2378EA51007A2EFB /* Info.plist */,
				4551FDB02378EA51007A2EFB /* main.m */,
			);
			path = FOSA;
			sourceTree = "<group>";
		};
		4551FDB92378EA51007A2EFB /* FOSATests */ = {
			isa = PBXGroup;
			children = (
				4551FDBA2378EA51007A2EFB /* FOSATests.m */,
				4551FDBC2378EA51007A2EFB /* Info.plist */,
			);
			path = FOSATests;
			sourceTree = "<group>";
		};
		4551FDC42378EA51007A2EFB /* FOSAUITests */ = {
			isa = PBXGroup;
			children = (
				4551FDC52378EA51007A2EFB /* FOSAUITests.m */,
				4551FDC72378EA51007A2EFB /* Info.plist */,
			);
			path = FOSAUITests;
			sourceTree = "<group>";
		};
		4551FDD32378EBDE007A2EFB /* RootFunctionFramework */ = {
			isa = PBXGroup;
			children = (
				4551FDD42378EC91007A2EFB /* RootTabBarViewController.h */,
				4551FDD52378EC91007A2EFB /* RootTabBarViewController.m */,
				4551FDD72378ED96007A2EFB /* FosaMainViewController.h */,
				4551FDD82378ED96007A2EFB /* FosaMainViewController.m */,
				4551FDDA2378EDBB007A2EFB /* FosaProductViewController.h */,
				4551FDDB2378EDBB007A2EFB /* FosaProductViewController.m */,
				4551FDDD2378EEB3007A2EFB /* FosaUserViewController.h */,
				4551FDDE2378EEB3007A2EFB /* FosaUserViewController.m */,
				4551FDE02378EECA007A2EFB /* FosaPoundViewController.h */,
				4551FDE12378EECA007A2EFB /* FosaPoundViewController.m */,
			);
			path = RootFunctionFramework;
			sourceTree = "<group>";
		};
		4551FDE42378F11B007A2EFB /* DataStruct */ = {
			isa = PBXGroup;
			children = (
				4551FDE52378F17E007A2EFB /* Fosa_QRCode_Queue.h */,
				4551FDE62378F17E007A2EFB /* Fosa_QRCode_Queue.m */,
				4551FDE92378F1A6007A2EFB /* Fosa_NSString_Queue.h */,
				4551FDEA2378F1A6007A2EFB /* Fosa_NSString_Queue.m */,
			);
			path = DataStruct;
			sourceTree = "<group>";
		};
		4551FDF02378F283007A2EFB /* FosaView */ = {
			isa = PBXGroup;
			children = (
				45F821862383D15100F0CD8A /* SealerCell */,
				4551FE1B2378F937007A2EFB /* FoodCell */,
				4551FE112378F6B9007A2EFB /* Food */,
				4551FE0D2378F67A007A2EFB /* Menu */,
			);
			path = FosaView;
			sourceTree = "<group>";
		};
		4551FDF12378F28E007A2EFB /* ScanFunction */ = {
			isa = PBXGroup;
			children = (
				4551FDF72378F4EC007A2EFB /* ding.wav */,
				4551FDF92378F4F2007A2EFB /* shanguangdeng-liang.png */,
				4551FDFB2378F4FC007A2EFB /* shanguangdeng-an.png */,
				4551FDFD2378F504007A2EFB /* saoyisao@3x.png */,
				4551FDFF2378F508007A2EFB /* saoyisao-3@3x.png */,
				4551FE012378F54D007A2EFB /* ScanOneCodeViewController.h */,
				4551FE022378F54D007A2EFB /* ScanOneCodeViewController.m */,
				4551FE042378F55E007A2EFB /* ScanMoreCodeViewController.h */,
				4551FE052378F55E007A2EFB /* ScanMoreCodeViewController.m */,
				4551FE072378F57C007A2EFB /* ResultViewController.h */,
				4551FE082378F57C007A2EFB /* ResultViewController.m */,
			);
			path = ScanFunction;
			sourceTree = "<group>";
		};
		4551FDF22378F29E007A2EFB /* AddProductFunction */ = {
			isa = PBXGroup;
			children = (
				4551FE2E2378FB0F007A2EFB /* AddViewController.h */,
				4551FE2F2378FB0F007A2EFB /* AddViewController.m */,
				4551FE312378FB22007A2EFB /* FoodInfoViewController.h */,
				4551FE322378FB22007A2EFB /* FoodInfoViewController.m */,
			);
			path = AddProductFunction;
			sourceTree = "<group>";
		};
		4551FDF32378F2AF007A2EFB /* Login&&Regist */ = {
			isa = PBXGroup;
			children = (
				4551FE252378FA14007A2EFB /* LoginViewController.h */,
				4551FE262378FA14007A2EFB /* LoginViewController.m */,
				4551FE282378FA46007A2EFB /* RegisterViewController.h */,
				4551FE292378FA46007A2EFB /* RegisterViewController.m */,
				4551FE2B2378FA9A007A2EFB /* PassValueDelegate.h */,
			);
			path = "Login&&Regist";
			sourceTree = "<group>";
		};
		4551FDF42378F2D6007A2EFB /* PhotoFuction */ = {
			isa = PBXGroup;
			children = (
				4551FE222378F9FC007A2EFB /* PhotoViewController.h */,
				4551FE232378F9FC007A2EFB /* PhotoViewController.m */,
			);
			path = PhotoFuction;
			sourceTree = "<group>";
		};
		4551FE0D2378F67A007A2EFB /* Menu */ = {
			isa = PBXGroup;
			children = (
				4551FE0A2378F60E007A2EFB /* MenuModel.h */,
				4551FE0B2378F60E007A2EFB /* MenuModel.m */,
				4551FE0E2378F6A7007A2EFB /* FosaMenu.h */,
				4551FE0F2378F6A7007A2EFB /* FosaMenu.m */,
			);
			path = Menu;
			sourceTree = "<group>";
		};
		4551FE112378F6B9007A2EFB /* Food */ = {
			isa = PBXGroup;
			children = (
				4551FE122378F75F007A2EFB /* FoodInfoView.h */,
				4551FE132378F75F007A2EFB /* FoodInfoView.m */,
				4551FE152378F7A1007A2EFB /* FoodMoreInfoView.h */,
				4551FE162378F7A1007A2EFB /* FoodMoreInfoView.m */,
				4551FE182378F7FF007A2EFB /* FoodModel.h */,
				4551FE192378F7FF007A2EFB /* FoodModel.m */,
			);
			path = Food;
			sourceTree = "<group>";
		};
		4551FE1B2378F937007A2EFB /* FoodCell */ = {
			isa = PBXGroup;
			children = (
				4551FE1C2378F971007A2EFB /* CellModel.h */,
				4551FE1D2378F971007A2EFB /* CellModel.m */,
				4551FE1F2378F9B1007A2EFB /* FoodCollectionViewCell.h */,
				4551FE202378F9B1007A2EFB /* FoodCollectionViewCell.m */,
			);
			path = FoodCell;
			sourceTree = "<group>";
		};
		4551FE382379602E007A2EFB /* SqliteFunction */ = {
			isa = PBXGroup;
			children = (
				4551FE392379605E007A2EFB /* SqliteManager.h */,
				4551FE3A2379605E007A2EFB /* SqliteManager.m */,
			);
			name = SqliteFunction;
			sourceTree = "<group>";
		};
		459E0086237E4360006D0E59 /* Product */ = {
			isa = PBXGroup;
			children = (
				459E0087237E43A4006D0E59 /* MyDeviceViewController.h */,
				459E0088237E43A4006D0E59 /* MyDeviceViewController.m */,
				459E008A237E43BA006D0E59 /* OtherViewController.h */,
				459E008B237E43BA006D0E59 /* OtherViewController.m */,
				4524655D238522D00034F392 /* FosaScrollview.h */,
				4524655E238522D00034F392 /* FosaScrollview.m */,
				45246560238524040034F392 /* productView.h */,
				45246561238524040034F392 /* productView.m */,
			);
			path = Product;
			sourceTree = "<group>";
		};
		45D944EC237B8AD1000E2550 /* Frameworks */ = {
			isa = PBXGroup;
			children = (
				45D944ED237B8AD1000E2550 /* UserNotifications.framework */,
				45D944EF237B8AD1000E2550 /* UserNotificationsUI.framework */,
			);
			name = Frameworks;
			sourceTree = "<group>";
		};
		45EF0E332387669100C4FE1C /* Animation */ = {
			isa = PBXGroup;
			children = (
				45EF0E3A238768BD00C4FE1C /* LoadCircleView.h */,
				45EF0E3B238768BD00C4FE1C /* LoadCircleView.m */,
			);
			path = Animation;
			sourceTree = "<group>";
		};
		45F821862383D15100F0CD8A /* SealerCell */ = {
			isa = PBXGroup;
			children = (
				45F821872383D29000F0CD8A /* SealerTableViewCell.h */,
				45F821882383D29000F0CD8A /* SealerTableViewCell.m */,
				452465542384CC560034F392 /* SealerModel.h */,
				452465552384CC560034F392 /* SealerModel.m */,
				452465572384CD7A0034F392 /* SealerHeader.h */,
				452465582384CD7A0034F392 /* SealerHeader.m */,
				4524655A2384CDDF0034F392 /* SealerTable.h */,
				4524655B2384CDDF0034F392 /* SealerTable.m */,
			);
			path = SealerCell;
			sourceTree = "<group>";
		};
		45FA9D21237D0723007A8E55 /* Notification */ = {
			isa = PBXGroup;
			children = (
				45FA9D22237D0749007A8E55 /* FosaNotification.h */,
				45FA9D23237D0749007A8E55 /* FosaNotification.m */,
			);
			path = Notification;
			sourceTree = "<group>";
		};
/* End PBXGroup section */

/* Begin PBXNativeTarget section */
		4551FD9A2378EA50007A2EFB /* FOSA */ = {
			isa = PBXNativeTarget;
			buildConfigurationList = 4551FDCA2378EA51007A2EFB /* Build configuration list for PBXNativeTarget "FOSA" */;
			buildPhases = (
				4551FD972378EA50007A2EFB /* Sources */,
				4551FD982378EA50007A2EFB /* Frameworks */,
				4551FD992378EA50007A2EFB /* Resources */,
				45D944FC237B8AD1000E2550 /* Embed App Extensions */,
			);
			buildRules = (
			);
			dependencies = (
			);
			name = FOSA;
			productName = FOSA;
			productReference = 4551FD9B2378EA50007A2EFB /* FOSA.app */;
			productType = "com.apple.product-type.application";
		};
		4551FDB52378EA51007A2EFB /* FOSATests */ = {
			isa = PBXNativeTarget;
			buildConfigurationList = 4551FDCD2378EA51007A2EFB /* Build configuration list for PBXNativeTarget "FOSATests" */;
			buildPhases = (
				4551FDB22378EA51007A2EFB /* Sources */,
				4551FDB32378EA51007A2EFB /* Frameworks */,
				4551FDB42378EA51007A2EFB /* Resources */,
			);
			buildRules = (
			);
			dependencies = (
				4551FDB82378EA51007A2EFB /* PBXTargetDependency */,
			);
			name = FOSATests;
			productName = FOSATests;
			productReference = 4551FDB62378EA51007A2EFB /* FOSATests.xctest */;
			productType = "com.apple.product-type.bundle.unit-test";
		};
		4551FDC02378EA51007A2EFB /* FOSAUITests */ = {
			isa = PBXNativeTarget;
			buildConfigurationList = 4551FDD02378EA51007A2EFB /* Build configuration list for PBXNativeTarget "FOSAUITests" */;
			buildPhases = (
				4551FDBD2378EA51007A2EFB /* Sources */,
				4551FDBE2378EA51007A2EFB /* Frameworks */,
				4551FDBF2378EA51007A2EFB /* Resources */,
			);
			buildRules = (
			);
			dependencies = (
				4551FDC32378EA51007A2EFB /* PBXTargetDependency */,
			);
			name = FOSAUITests;
			productName = FOSAUITests;
			productReference = 4551FDC12378EA51007A2EFB /* FOSAUITests.xctest */;
			productType = "com.apple.product-type.bundle.ui-testing";
		};
/* End PBXNativeTarget section */

/* Begin PBXProject section */
		4551FD932378EA50007A2EFB /* Project object */ = {
			isa = PBXProject;
			attributes = {
				LastUpgradeCheck = 1120;
				ORGANIZATIONNAME = hs;
				TargetAttributes = {
					4551FD9A2378EA50007A2EFB = {
						CreatedOnToolsVersion = 11.2;
					};
					4551FDB52378EA51007A2EFB = {
						CreatedOnToolsVersion = 11.2;
						TestTargetID = 4551FD9A2378EA50007A2EFB;
					};
					4551FDC02378EA51007A2EFB = {
						CreatedOnToolsVersion = 11.2;
						TestTargetID = 4551FD9A2378EA50007A2EFB;
					};
				};
			};
			buildConfigurationList = 4551FD962378EA50007A2EFB /* Build configuration list for PBXProject "FOSA" */;
			compatibilityVersion = "Xcode 9.3";
			developmentRegion = en;
			hasScannedForEncodings = 0;
			knownRegions = (
				en,
				Base,
			);
			mainGroup = 4551FD922378EA50007A2EFB;
			productRefGroup = 4551FD9C2378EA50007A2EFB /* Products */;
			projectDirPath = "";
			projectRoot = "";
			targets = (
				4551FD9A2378EA50007A2EFB /* FOSA */,
				4551FDB52378EA51007A2EFB /* FOSATests */,
				4551FDC02378EA51007A2EFB /* FOSAUITests */,
			);
		};
/* End PBXProject section */

/* Begin PBXResourcesBuildPhase section */
		4551FD992378EA50007A2EFB /* Resources */ = {
			isa = PBXResourcesBuildPhase;
			buildActionMask = 2147483647;
			files = (
				4551FDFA2378F4F2007A2EFB /* shanguangdeng-liang.png in Resources */,
				4551FE002378F508007A2EFB /* saoyisao-3@3x.png in Resources */,
				45F821812383CA9200F0CD8A /* img_fosa.jpg in Resources */,
				4551FDF82378F4EC007A2EFB /* ding.wav in Resources */,
				4551FDAE2378EA51007A2EFB /* LaunchScreen.storyboard in Resources */,
				4551FDAB2378EA51007A2EFB /* Assets.xcassets in Resources */,
				4551FDF62378F37D007A2EFB /* 启动图2.png in Resources */,
				45D94513237BD41A000E2550 /* logo.png in Resources */,
				4551FDFE2378F504007A2EFB /* saoyisao@3x.png in Resources */,
				4551FDFC2378F4FC007A2EFB /* shanguangdeng-an.png in Resources */,
				45F821832383CA9900F0CD8A /* img_pound.jpg in Resources */,
				4551FDA92378EA50007A2EFB /* Main.storyboard in Resources */,
				45F821852383CD8D00F0CD8A /* fosa.jpg in Resources */,
			);
			runOnlyForDeploymentPostprocessing = 0;
		};
		4551FDB42378EA51007A2EFB /* Resources */ = {
			isa = PBXResourcesBuildPhase;
			buildActionMask = 2147483647;
			files = (
			);
			runOnlyForDeploymentPostprocessing = 0;
		};
		4551FDBF2378EA51007A2EFB /* Resources */ = {
			isa = PBXResourcesBuildPhase;
			buildActionMask = 2147483647;
			files = (
			);
			runOnlyForDeploymentPostprocessing = 0;
		};
/* End PBXResourcesBuildPhase section */

/* Begin PBXSourcesBuildPhase section */
		4551FD972378EA50007A2EFB /* Sources */ = {
			isa = PBXSourcesBuildPhase;
			buildActionMask = 2147483647;
			files = (
				4551FDE72378F17E007A2EFB /* Fosa_QRCode_Queue.m in Sources */,
				4551FE272378FA14007A2EFB /* LoginViewController.m in Sources */,
				4551FE332378FB22007A2EFB /* FoodInfoViewController.m in Sources */,
				4551FE092378F57C007A2EFB /* ResultViewController.m in Sources */,
				4551FDD92378ED96007A2EFB /* FosaMainViewController.m in Sources */,
				45FA9D24237D0749007A8E55 /* FosaNotification.m in Sources */,
				452465592384CD7A0034F392 /* SealerHeader.m in Sources */,
				4551FE1E2378F971007A2EFB /* CellModel.m in Sources */,
				4551FE102378F6A7007A2EFB /* FosaMenu.m in Sources */,
				4551FDE22378EECA007A2EFB /* FosaPoundViewController.m in Sources */,
				4551FE2A2378FA46007A2EFB /* RegisterViewController.m in Sources */,
				45EF0E3C238768BD00C4FE1C /* LoadCircleView.m in Sources */,
				4551FE3B2379605E007A2EFB /* SqliteManager.m in Sources */,
				45246562238524040034F392 /* productView.m in Sources */,
				4551FDA62378EA50007A2EFB /* ViewController.m in Sources */,
				4551FE212378F9B1007A2EFB /* FoodCollectionViewCell.m in Sources */,
				4551FE302378FB0F007A2EFB /* AddViewController.m in Sources */,
				45F821892383D29000F0CD8A /* SealerTableViewCell.m in Sources */,
				4551FDDF2378EEB3007A2EFB /* FosaUserViewController.m in Sources */,
				4551FE242378F9FC007A2EFB /* PhotoViewController.m in Sources */,
				452465562384CC560034F392 /* SealerModel.m in Sources */,
				4524655C2384CDDF0034F392 /* SealerTable.m in Sources */,
				4551FDEB2378F1A6007A2EFB /* Fosa_NSString_Queue.m in Sources */,
				4524655F238522D00034F392 /* FosaScrollview.m in Sources */,
				459E0089237E43A4006D0E59 /* MyDeviceViewController.m in Sources */,
				4551FE0C2378F60E007A2EFB /* MenuModel.m in Sources */,
				4551FDD62378EC91007A2EFB /* RootTabBarViewController.m in Sources */,
				4551FE032378F54D007A2EFB /* ScanOneCodeViewController.m in Sources */,
				459E008C237E43BA006D0E59 /* OtherViewController.m in Sources */,
				4551FE062378F55E007A2EFB /* ScanMoreCodeViewController.m in Sources */,
				4551FDDC2378EDBB007A2EFB /* FosaProductViewController.m in Sources */,
				4551FE172378F7A1007A2EFB /* FoodMoreInfoView.m in Sources */,
				4551FE1A2378F7FF007A2EFB /* FoodModel.m in Sources */,
				4551FDA02378EA50007A2EFB /* AppDelegate.m in Sources */,
				4551FDB12378EA51007A2EFB /* main.m in Sources */,
				4551FDA32378EA50007A2EFB /* SceneDelegate.m in Sources */,
				4551FE142378F75F007A2EFB /* FoodInfoView.m in Sources */,
			);
			runOnlyForDeploymentPostprocessing = 0;
		};
		4551FDB22378EA51007A2EFB /* Sources */ = {
			isa = PBXSourcesBuildPhase;
			buildActionMask = 2147483647;
			files = (
				4551FDBB2378EA51007A2EFB /* FOSATests.m in Sources */,
			);
			runOnlyForDeploymentPostprocessing = 0;
		};
		4551FDBD2378EA51007A2EFB /* Sources */ = {
			isa = PBXSourcesBuildPhase;
			buildActionMask = 2147483647;
			files = (
				4551FDC62378EA51007A2EFB /* FOSAUITests.m in Sources */,
			);
			runOnlyForDeploymentPostprocessing = 0;
		};
/* End PBXSourcesBuildPhase section */

/* Begin PBXTargetDependency section */
		4551FDB82378EA51007A2EFB /* PBXTargetDependency */ = {
			isa = PBXTargetDependency;
			target = 4551FD9A2378EA50007A2EFB /* FOSA */;
			targetProxy = 4551FDB72378EA51007A2EFB /* PBXContainerItemProxy */;
		};
		4551FDC32378EA51007A2EFB /* PBXTargetDependency */ = {
			isa = PBXTargetDependency;
			target = 4551FD9A2378EA50007A2EFB /* FOSA */;
			targetProxy = 4551FDC22378EA51007A2EFB /* PBXContainerItemProxy */;
		};
/* End PBXTargetDependency section */

/* Begin PBXVariantGroup section */
		4551FDA72378EA50007A2EFB /* Main.storyboard */ = {
			isa = PBXVariantGroup;
			children = (
				4551FDA82378EA50007A2EFB /* Base */,
			);
			name = Main.storyboard;
			sourceTree = "<group>";
		};
		4551FDAC2378EA51007A2EFB /* LaunchScreen.storyboard */ = {
			isa = PBXVariantGroup;
			children = (
				4551FDAD2378EA51007A2EFB /* Base */,
			);
			name = LaunchScreen.storyboard;
			sourceTree = "<group>";
		};
/* End PBXVariantGroup section */

/* Begin XCBuildConfiguration section */
		4551FDC82378EA51007A2EFB /* Debug */ = {
			isa = XCBuildConfiguration;
			buildSettings = {
				ALWAYS_SEARCH_USER_PATHS = NO;
				CLANG_ANALYZER_NONNULL = YES;
				CLANG_ANALYZER_NUMBER_OBJECT_CONVERSION = YES_AGGRESSIVE;
				CLANG_CXX_LANGUAGE_STANDARD = "gnu++14";
				CLANG_CXX_LIBRARY = "libc++";
				CLANG_ENABLE_MODULES = YES;
				CLANG_ENABLE_OBJC_ARC = YES;
				CLANG_ENABLE_OBJC_WEAK = YES;
				CLANG_WARN_BLOCK_CAPTURE_AUTORELEASING = YES;
				CLANG_WARN_BOOL_CONVERSION = YES;
				CLANG_WARN_COMMA = YES;
				CLANG_WARN_CONSTANT_CONVERSION = YES;
				CLANG_WARN_DEPRECATED_OBJC_IMPLEMENTATIONS = YES;
				CLANG_WARN_DIRECT_OBJC_ISA_USAGE = YES_ERROR;
				CLANG_WARN_DOCUMENTATION_COMMENTS = YES;
				CLANG_WARN_EMPTY_BODY = YES;
				CLANG_WARN_ENUM_CONVERSION = YES;
				CLANG_WARN_INFINITE_RECURSION = YES;
				CLANG_WARN_INT_CONVERSION = YES;
				CLANG_WARN_NON_LITERAL_NULL_CONVERSION = YES;
				CLANG_WARN_OBJC_IMPLICIT_RETAIN_SELF = YES;
				CLANG_WARN_OBJC_LITERAL_CONVERSION = YES;
				CLANG_WARN_OBJC_ROOT_CLASS = YES_ERROR;
				CLANG_WARN_RANGE_LOOP_ANALYSIS = YES;
				CLANG_WARN_STRICT_PROTOTYPES = YES;
				CLANG_WARN_SUSPICIOUS_MOVE = YES;
				CLANG_WARN_UNGUARDED_AVAILABILITY = YES_AGGRESSIVE;
				CLANG_WARN_UNREACHABLE_CODE = YES;
				CLANG_WARN__DUPLICATE_METHOD_MATCH = YES;
				COPY_PHASE_STRIP = NO;
				DEBUG_INFORMATION_FORMAT = dwarf;
				ENABLE_STRICT_OBJC_MSGSEND = YES;
				ENABLE_TESTABILITY = YES;
				GCC_C_LANGUAGE_STANDARD = gnu11;
				GCC_DYNAMIC_NO_PIC = NO;
				GCC_NO_COMMON_BLOCKS = YES;
				GCC_OPTIMIZATION_LEVEL = 0;
				GCC_PREPROCESSOR_DEFINITIONS = (
					"DEBUG=1",
					"$(inherited)",
				);
				GCC_WARN_64_TO_32_BIT_CONVERSION = YES;
				GCC_WARN_ABOUT_RETURN_TYPE = YES_ERROR;
				GCC_WARN_UNDECLARED_SELECTOR = YES;
				GCC_WARN_UNINITIALIZED_AUTOS = YES_AGGRESSIVE;
				GCC_WARN_UNUSED_FUNCTION = YES;
				GCC_WARN_UNUSED_VARIABLE = YES;
				IPHONEOS_DEPLOYMENT_TARGET = 12.4;
				MTL_ENABLE_DEBUG_INFO = INCLUDE_SOURCE;
				MTL_FAST_MATH = YES;
				ONLY_ACTIVE_ARCH = YES;
				SDKROOT = iphoneos;
			};
			name = Debug;
		};
		4551FDC92378EA51007A2EFB /* Release */ = {
			isa = XCBuildConfiguration;
			buildSettings = {
				ALWAYS_SEARCH_USER_PATHS = NO;
				CLANG_ANALYZER_NONNULL = YES;
				CLANG_ANALYZER_NUMBER_OBJECT_CONVERSION = YES_AGGRESSIVE;
				CLANG_CXX_LANGUAGE_STANDARD = "gnu++14";
				CLANG_CXX_LIBRARY = "libc++";
				CLANG_ENABLE_MODULES = YES;
				CLANG_ENABLE_OBJC_ARC = YES;
				CLANG_ENABLE_OBJC_WEAK = YES;
				CLANG_WARN_BLOCK_CAPTURE_AUTORELEASING = YES;
				CLANG_WARN_BOOL_CONVERSION = YES;
				CLANG_WARN_COMMA = YES;
				CLANG_WARN_CONSTANT_CONVERSION = YES;
				CLANG_WARN_DEPRECATED_OBJC_IMPLEMENTATIONS = YES;
				CLANG_WARN_DIRECT_OBJC_ISA_USAGE = YES_ERROR;
				CLANG_WARN_DOCUMENTATION_COMMENTS = YES;
				CLANG_WARN_EMPTY_BODY = YES;
				CLANG_WARN_ENUM_CONVERSION = YES;
				CLANG_WARN_INFINITE_RECURSION = YES;
				CLANG_WARN_INT_CONVERSION = YES;
				CLANG_WARN_NON_LITERAL_NULL_CONVERSION = YES;
				CLANG_WARN_OBJC_IMPLICIT_RETAIN_SELF = YES;
				CLANG_WARN_OBJC_LITERAL_CONVERSION = YES;
				CLANG_WARN_OBJC_ROOT_CLASS = YES_ERROR;
				CLANG_WARN_RANGE_LOOP_ANALYSIS = YES;
				CLANG_WARN_STRICT_PROTOTYPES = YES;
				CLANG_WARN_SUSPICIOUS_MOVE = YES;
				CLANG_WARN_UNGUARDED_AVAILABILITY = YES_AGGRESSIVE;
				CLANG_WARN_UNREACHABLE_CODE = YES;
				CLANG_WARN__DUPLICATE_METHOD_MATCH = YES;
				COPY_PHASE_STRIP = NO;
				DEBUG_INFORMATION_FORMAT = "dwarf-with-dsym";
				ENABLE_NS_ASSERTIONS = NO;
				ENABLE_STRICT_OBJC_MSGSEND = YES;
				GCC_C_LANGUAGE_STANDARD = gnu11;
				GCC_NO_COMMON_BLOCKS = YES;
				GCC_WARN_64_TO_32_BIT_CONVERSION = YES;
				GCC_WARN_ABOUT_RETURN_TYPE = YES_ERROR;
				GCC_WARN_UNDECLARED_SELECTOR = YES;
				GCC_WARN_UNINITIALIZED_AUTOS = YES_AGGRESSIVE;
				GCC_WARN_UNUSED_FUNCTION = YES;
				GCC_WARN_UNUSED_VARIABLE = YES;
				IPHONEOS_DEPLOYMENT_TARGET = 12.4;
				MTL_ENABLE_DEBUG_INFO = NO;
				MTL_FAST_MATH = YES;
				SDKROOT = iphoneos;
				VALIDATE_PRODUCT = YES;
			};
			name = Release;
		};
		4551FDCB2378EA51007A2EFB /* Debug */ = {
			isa = XCBuildConfiguration;
			buildSettings = {
				ASSETCATALOG_COMPILER_APPICON_NAME = AppIcon;
				CODE_SIGN_STYLE = Automatic;
				DEVELOPMENT_TEAM = NFW4WTJX6R;
				INFOPLIST_FILE = FOSA/Info.plist;
				LD_RUNPATH_SEARCH_PATHS = (
					"$(inherited)",
					"@executable_path/Frameworks",
				);
				PRODUCT_BUNDLE_IDENTIFIER = com.hs.xzjFOSA;
				PRODUCT_NAME = "$(TARGET_NAME)";
				TARGETED_DEVICE_FAMILY = "1,2";
			};
			name = Debug;
		};
		4551FDCC2378EA51007A2EFB /* Release */ = {
			isa = XCBuildConfiguration;
			buildSettings = {
				ASSETCATALOG_COMPILER_APPICON_NAME = AppIcon;
				CODE_SIGN_STYLE = Automatic;
				DEVELOPMENT_TEAM = NFW4WTJX6R;
				INFOPLIST_FILE = FOSA/Info.plist;
				LD_RUNPATH_SEARCH_PATHS = (
					"$(inherited)",
					"@executable_path/Frameworks",
				);
				PRODUCT_BUNDLE_IDENTIFIER = com.hs.xzjFOSA;
				PRODUCT_NAME = "$(TARGET_NAME)";
				TARGETED_DEVICE_FAMILY = "1,2";
			};
			name = Release;
		};
		4551FDCE2378EA51007A2EFB /* Debug */ = {
			isa = XCBuildConfiguration;
			buildSettings = {
				BUNDLE_LOADER = "$(TEST_HOST)";
				CODE_SIGN_STYLE = Automatic;
				DEVELOPMENT_TEAM = NFW4WTJX6R;
				INFOPLIST_FILE = FOSATests/Info.plist;
				IPHONEOS_DEPLOYMENT_TARGET = 13.2;
				LD_RUNPATH_SEARCH_PATHS = (
					"$(inherited)",
					"@executable_path/Frameworks",
					"@loader_path/Frameworks",
				);
				PRODUCT_BUNDLE_IDENTIFIER = com.hs.FOSATests;
				PRODUCT_NAME = "$(TARGET_NAME)";
				TARGETED_DEVICE_FAMILY = "1,2";
				TEST_HOST = "$(BUILT_PRODUCTS_DIR)/FOSA.app/FOSA";
			};
			name = Debug;
		};
		4551FDCF2378EA51007A2EFB /* Release */ = {
			isa = XCBuildConfiguration;
			buildSettings = {
				BUNDLE_LOADER = "$(TEST_HOST)";
				CODE_SIGN_STYLE = Automatic;
				DEVELOPMENT_TEAM = NFW4WTJX6R;
				INFOPLIST_FILE = FOSATests/Info.plist;
				IPHONEOS_DEPLOYMENT_TARGET = 13.2;
				LD_RUNPATH_SEARCH_PATHS = (
					"$(inherited)",
					"@executable_path/Frameworks",
					"@loader_path/Frameworks",
				);
				PRODUCT_BUNDLE_IDENTIFIER = com.hs.FOSATests;
				PRODUCT_NAME = "$(TARGET_NAME)";
				TARGETED_DEVICE_FAMILY = "1,2";
				TEST_HOST = "$(BUILT_PRODUCTS_DIR)/FOSA.app/FOSA";
			};
			name = Release;
		};
		4551FDD12378EA51007A2EFB /* Debug */ = {
			isa = XCBuildConfiguration;
			buildSettings = {
				CODE_SIGN_STYLE = Automatic;
				DEVELOPMENT_TEAM = NFW4WTJX6R;
				INFOPLIST_FILE = FOSAUITests/Info.plist;
				LD_RUNPATH_SEARCH_PATHS = (
					"$(inherited)",
					"@executable_path/Frameworks",
					"@loader_path/Frameworks",
				);
				PRODUCT_BUNDLE_IDENTIFIER = com.hs.FOSAUITests;
				PRODUCT_NAME = "$(TARGET_NAME)";
				TARGETED_DEVICE_FAMILY = "1,2";
				TEST_TARGET_NAME = FOSA;
			};
			name = Debug;
		};
		4551FDD22378EA51007A2EFB /* Release */ = {
			isa = XCBuildConfiguration;
			buildSettings = {
				CODE_SIGN_STYLE = Automatic;
				DEVELOPMENT_TEAM = NFW4WTJX6R;
				INFOPLIST_FILE = FOSAUITests/Info.plist;
				LD_RUNPATH_SEARCH_PATHS = (
					"$(inherited)",
					"@executable_path/Frameworks",
					"@loader_path/Frameworks",
				);
				PRODUCT_BUNDLE_IDENTIFIER = com.hs.FOSAUITests;
				PRODUCT_NAME = "$(TARGET_NAME)";
				TARGETED_DEVICE_FAMILY = "1,2";
				TEST_TARGET_NAME = FOSA;
			};
			name = Release;
		};
/* End XCBuildConfiguration section */

/* Begin XCConfigurationList section */
		4551FD962378EA50007A2EFB /* Build configuration list for PBXProject "FOSA" */ = {
			isa = XCConfigurationList;
			buildConfigurations = (
				4551FDC82378EA51007A2EFB /* Debug */,
				4551FDC92378EA51007A2EFB /* Release */,
			);
			defaultConfigurationIsVisible = 0;
			defaultConfigurationName = Release;
		};
		4551FDCA2378EA51007A2EFB /* Build configuration list for PBXNativeTarget "FOSA" */ = {
			isa = XCConfigurationList;
			buildConfigurations = (
				4551FDCB2378EA51007A2EFB /* Debug */,
				4551FDCC2378EA51007A2EFB /* Release */,
			);
			defaultConfigurationIsVisible = 0;
			defaultConfigurationName = Release;
		};
		4551FDCD2378EA51007A2EFB /* Build configuration list for PBXNativeTarget "FOSATests" */ = {
			isa = XCConfigurationList;
			buildConfigurations = (
				4551FDCE2378EA51007A2EFB /* Debug */,
				4551FDCF2378EA51007A2EFB /* Release */,
			);
			defaultConfigurationIsVisible = 0;
			defaultConfigurationName = Release;
		};
		4551FDD02378EA51007A2EFB /* Build configuration list for PBXNativeTarget "FOSAUITests" */ = {
			isa = XCConfigurationList;
			buildConfigurations = (
				4551FDD12378EA51007A2EFB /* Debug */,
				4551FDD22378EA51007A2EFB /* Release */,
			);
			defaultConfigurationIsVisible = 0;
			defaultConfigurationName = Release;
		};
/* End XCConfigurationList section */
	};
	rootObject = 4551FD932378EA50007A2EFB /* Project object */;
}
